// !$*UTF8*$!
{
	archiveVersion = 1;
	classes = {
	};
	objectVersion = 46;
	objects = {

/* Begin PBXBuildFile section */
		16C6E19B4B50E4CFB63D8A90 /* Pods_UniVentTests.framework in Frameworks */ = {isa = PBXBuildFile; fileRef = 833D87D859120A44CBA5C59A /* Pods_UniVentTests.framework */; };
		8E0829CC1F755CFF00626F19 /* MapScreenViewController.swift in Sources */ = {isa = PBXBuildFile; fileRef = 8E0829CB1F755CFF00626F19 /* MapScreenViewController.swift */; };
		8E0829CE1F75706500626F19 /* EventAnnotation.swift in Sources */ = {isa = PBXBuildFile; fileRef = 8E0829CD1F75706500626F19 /* EventAnnotation.swift */; };
		8E0829D01F75738800626F19 /* VCMapViewExtension.swift in Sources */ = {isa = PBXBuildFile; fileRef = 8E0829CF1F75738800626F19 /* VCMapViewExtension.swift */; };
		8E0829ED1F7AE8F300626F19 /* Handy.swift in Sources */ = {isa = PBXBuildFile; fileRef = 8E0829EC1F7AE8F300626F19 /* Handy.swift */; };
		8E0E61641FC4E90F006C8E11 /* EventAddressExt.swift in Sources */ = {isa = PBXBuildFile; fileRef = 8E0E61631FC4E90F006C8E11 /* EventAddressExt.swift */; };
		8E0E61661FC4E943006C8E11 /* EventPreviewExt.swift in Sources */ = {isa = PBXBuildFile; fileRef = 8E0E61651FC4E943006C8E11 /* EventPreviewExt.swift */; };
		8E0E61681FC4E96E006C8E11 /* EventTableExt.swift in Sources */ = {isa = PBXBuildFile; fileRef = 8E0E61671FC4E96E006C8E11 /* EventTableExt.swift */; };
		8E0E616A1FC4E9BB006C8E11 /* EventDetailExt.swift in Sources */ = {isa = PBXBuildFile; fileRef = 8E0E61691FC4E9BB006C8E11 /* EventDetailExt.swift */; };
		8E0E616D1FC4F2E1006C8E11 /* EventInfoViewController.swift in Sources */ = {isa = PBXBuildFile; fileRef = 8E0E616C1FC4F2E1006C8E11 /* EventInfoViewController.swift */; };
		8E0E616F1FC4FFA6006C8E11 /* EventRSVPInfoViewController.swift in Sources */ = {isa = PBXBuildFile; fileRef = 8E0E616E1FC4FFA6006C8E11 /* EventRSVPInfoViewController.swift */; };
		8E1742171F719F0000C556B7 /* UserNotifications.framework in Frameworks */ = {isa = PBXBuildFile; fileRef = 8E1742161F719F0000C556B7 /* UserNotifications.framework */; };
		8E394F301FAB900E002DF31E /* EventCreateOrEditViewController.swift in Sources */ = {isa = PBXBuildFile; fileRef = 8E394F2F1FAB900E002DF31E /* EventCreateOrEditViewController.swift */; };
		8E394F321FAB906F002DF31E /* SettingsTableViewCell.swift in Sources */ = {isa = PBXBuildFile; fileRef = 8E394F311FAB906F002DF31E /* SettingsTableViewCell.swift */; };
		8E394F361FAB9081002DF31E /* SettingOptionTableViewCell.swift in Sources */ = {isa = PBXBuildFile; fileRef = 8E394F331FAB9081002DF31E /* SettingOptionTableViewCell.swift */; };
		8E394F371FAB9081002DF31E /* SettingsScreenViewController.swift in Sources */ = {isa = PBXBuildFile; fileRef = 8E394F341FAB9081002DF31E /* SettingsScreenViewController.swift */; };
		8E394F381FAB9081002DF31E /* SettingsTableViewController.swift in Sources */ = {isa = PBXBuildFile; fileRef = 8E394F351FAB9081002DF31E /* SettingsTableViewController.swift */; };
		8E394F3D1FAB9369002DF31E /* NSEvent.swift in Sources */ = {isa = PBXBuildFile; fileRef = 8E394F3B1FAB9369002DF31E /* NSEvent.swift */; };
		8E394F3E1FAB9369002DF31E /* NSUser.swift in Sources */ = {isa = PBXBuildFile; fileRef = 8E394F3C1FAB9369002DF31E /* NSUser.swift */; };
		8E6B500E1F83E40A0089B967 /* ActivityViewController.swift in Sources */ = {isa = PBXBuildFile; fileRef = 8E6B500D1F83E40A0089B967 /* ActivityViewController.swift */; };
		8E6B50651F9900560089B967 /* RatingControl.swift in Sources */ = {isa = PBXBuildFile; fileRef = 8E6B50641F9900560089B967 /* RatingControl.swift */; };
		8E6B50671F992A4E0089B967 /* Alerts.swift in Sources */ = {isa = PBXBuildFile; fileRef = 8E6B50661F992A4E0089B967 /* Alerts.swift */; };
		8E6B506B1F9A6F2F0089B967 /* FacebookManager.swift in Sources */ = {isa = PBXBuildFile; fileRef = 8E6B506A1F9A6F2F0089B967 /* FacebookManager.swift */; };
		8E771BF61FBD368000C3C475 /* EventPreviewViewController.swift in Sources */ = {isa = PBXBuildFile; fileRef = 8E771BF51FBD368000C3C475 /* EventPreviewViewController.swift */; };
		8E771BF81FBE0F9B00C3C475 /* EventStartCreateViewController.swift in Sources */ = {isa = PBXBuildFile; fileRef = 8E771BF71FBE0F9B00C3C475 /* EventStartCreateViewController.swift */; };
		8E771BFB1FBE496D00C3C475 /* ScheduleViewController.swift in Sources */ = {isa = PBXBuildFile; fileRef = 8E771BFA1FBE496D00C3C475 /* ScheduleViewController.swift */; };
		8E771BFD1FBE4F5F00C3C475 /* ScheduleTableViewCell.swift in Sources */ = {isa = PBXBuildFile; fileRef = 8E771BFC1FBE4F5F00C3C475 /* ScheduleTableViewCell.swift */; };
		8E8C6CCE1F7D814D001F2520 /* EventDetailViewController.swift in Sources */ = {isa = PBXBuildFile; fileRef = 8E8C6CCD1F7D814D001F2520 /* EventDetailViewController.swift */; };
		8E96A0B81FC8C01200D304DA /* EventInfoPreviewViewController.swift in Sources */ = {isa = PBXBuildFile; fileRef = 8E96A0B71FC8C01200D304DA /* EventInfoPreviewViewController.swift */; };
		8E96A0BA1FC8D4CC00D304DA /* PreviewPin.swift in Sources */ = {isa = PBXBuildFile; fileRef = 8E96A0B91FC8D4CC00D304DA /* PreviewPin.swift */; };
		8E97EC4F1F698C28000BAE13 /* AppDelegate.swift in Sources */ = {isa = PBXBuildFile; fileRef = 8E97EC4E1F698C28000BAE13 /* AppDelegate.swift */; };
		8E97EC511F698C28000BAE13 /* HomeScreenViewController.swift in Sources */ = {isa = PBXBuildFile; fileRef = 8E97EC501F698C28000BAE13 /* HomeScreenViewController.swift */; };
		8E97EC541F698C28000BAE13 /* Main.storyboard in Resources */ = {isa = PBXBuildFile; fileRef = 8E97EC521F698C28000BAE13 /* Main.storyboard */; };
		8E97EC571F698C28000BAE13 /* UniVent.xcdatamodeld in Sources */ = {isa = PBXBuildFile; fileRef = 8E97EC551F698C28000BAE13 /* UniVent.xcdatamodeld */; };
		8E97EC591F698C28000BAE13 /* Assets.xcassets in Resources */ = {isa = PBXBuildFile; fileRef = 8E97EC581F698C28000BAE13 /* Assets.xcassets */; };
		8E97EC5C1F698C28000BAE13 /* LaunchScreen.storyboard in Resources */ = {isa = PBXBuildFile; fileRef = 8E97EC5A1F698C28000BAE13 /* LaunchScreen.storyboard */; };
		8E97EC671F698C28000BAE13 /* UniVentTests.swift in Sources */ = {isa = PBXBuildFile; fileRef = 8E97EC661F698C28000BAE13 /* UniVentTests.swift */; };
		8E97EC721F698C28000BAE13 /* UniVentUITests.swift in Sources */ = {isa = PBXBuildFile; fileRef = 8E97EC711F698C28000BAE13 /* UniVentUITests.swift */; };
		8E97EC811F698C7C000BAE13 /* MapKit.framework in Frameworks */ = {isa = PBXBuildFile; fileRef = 8E97EC801F698C7C000BAE13 /* MapKit.framework */; };
		8E97EC861F69AB54000BAE13 /* EventTableViewController.swift in Sources */ = {isa = PBXBuildFile; fileRef = 8E97EC851F69AB54000BAE13 /* EventTableViewController.swift */; };
		8E97EC881F69AB65000BAE13 /* EventTableViewCell.swift in Sources */ = {isa = PBXBuildFile; fileRef = 8E97EC871F69AB65000BAE13 /* EventTableViewCell.swift */; };
		8EAB59851FB4D9C20022EFAA /* HeaderTableViewCell.swift in Sources */ = {isa = PBXBuildFile; fileRef = 8EAB59841FB4D9C20022EFAA /* HeaderTableViewCell.swift */; };
		8EAEC7A71FBB8BFD00D0EFE0 /* EventDescViewController.swift in Sources */ = {isa = PBXBuildFile; fileRef = 8EAEC7A61FBB8BFD00D0EFE0 /* EventDescViewController.swift */; };
		8EC61E9E1FACAC8A003C291B /* Curse.swift in Sources */ = {isa = PBXBuildFile; fileRef = 8EC61E9D1FACAC8A003C291B /* Curse.swift */; };
		8EE86C621FB76AC70014F85D /* OneSignalNotificationServiceExtension.appex in Embed App Extensions */ = {isa = PBXBuildFile; fileRef = 8EE86C5B1FB76AC60014F85D /* OneSignalNotificationServiceExtension.appex */; settings = {ATTRIBUTES = (RemoveHeadersOnCopy, ); }; };
		8EE86C6B1FB8C1EC0014F85D /* TabBarViewController.swift in Sources */ = {isa = PBXBuildFile; fileRef = 8EE86C6A1FB8C1EC0014F85D /* TabBarViewController.swift */; };
		8EE86C6E1FBA20A40014F85D /* EventTitleViewController.swift in Sources */ = {isa = PBXBuildFile; fileRef = 8EE86C6D1FBA20A40014F85D /* EventTitleViewController.swift */; };
		8EE86C701FBA30F30014F85D /* EventAddressViewController.swift in Sources */ = {isa = PBXBuildFile; fileRef = 8EE86C6F1FBA30F30014F85D /* EventAddressViewController.swift */; };
		8EE86C721FBA4E0B0014F85D /* EventDateViewController.swift in Sources */ = {isa = PBXBuildFile; fileRef = 8EE86C711FBA4E0B0014F85D /* EventDateViewController.swift */; };
		8EE86C761FBA5D3B0014F85D /* CreateEventTableViewCell.swift in Sources */ = {isa = PBXBuildFile; fileRef = 8EE86C751FBA5D3B0014F85D /* CreateEventTableViewCell.swift */; };
		8EE86C781FBA660E0014F85D /* EventTypeViewController.swift in Sources */ = {isa = PBXBuildFile; fileRef = 8EE86C771FBA660E0014F85D /* EventTypeViewController.swift */; };
		8EE86C7A1FBAAB140014F85D /* EventAnalyticsViewController.swift in Sources */ = {isa = PBXBuildFile; fileRef = 8EE86C791FBAAB140014F85D /* EventAnalyticsViewController.swift */; };
		8EE86C7C1FBADCF50014F85D /* EventInterestViewController.swift in Sources */ = {isa = PBXBuildFile; fileRef = 8EE86C7B1FBADCF50014F85D /* EventInterestViewController.swift */; };
		AEC7F0176229448C16B2153E /* Pods_UniVentUITests.framework in Frameworks */ = {isa = PBXBuildFile; fileRef = 07D9AA17AFFB2500AA13AFE4 /* Pods_UniVentUITests.framework */; };
		EBA5DDD4822BA10357F1E1E6 /* Pods_UniVent.framework in Frameworks */ = {isa = PBXBuildFile; fileRef = 157A02DB82EE9592C739EEAF /* Pods_UniVent.framework */; };
/* End PBXBuildFile section */

/* Begin PBXContainerItemProxy section */
		8E97EC631F698C28000BAE13 /* PBXContainerItemProxy */ = {
			isa = PBXContainerItemProxy;
			containerPortal = 8E97EC431F698C28000BAE13 /* Project object */;
			proxyType = 1;
			remoteGlobalIDString = 8E97EC4A1F698C28000BAE13;
			remoteInfo = UniVent;
		};
		8E97EC6E1F698C28000BAE13 /* PBXContainerItemProxy */ = {
			isa = PBXContainerItemProxy;
			containerPortal = 8E97EC431F698C28000BAE13 /* Project object */;
			proxyType = 1;
			remoteGlobalIDString = 8E97EC4A1F698C28000BAE13;
			remoteInfo = UniVent;
		};
		8EE86C601FB76AC70014F85D /* PBXContainerItemProxy */ = {
			isa = PBXContainerItemProxy;
			containerPortal = 8E97EC431F698C28000BAE13 /* Project object */;
			proxyType = 1;
			remoteGlobalIDString = 8EE86C5A1FB76AC60014F85D;
			remoteInfo = OneSignalNotificationServiceExtension;
		};
/* End PBXContainerItemProxy section */

/* Begin PBXCopyFilesBuildPhase section */
		8EE86C661FB76AC70014F85D /* Embed App Extensions */ = {
			isa = PBXCopyFilesBuildPhase;
			buildActionMask = 2147483647;
			dstPath = "";
			dstSubfolderSpec = 13;
			files = (
				8EE86C621FB76AC70014F85D /* OneSignalNotificationServiceExtension.appex in Embed App Extensions */,
			);
			name = "Embed App Extensions";
			runOnlyForDeploymentPostprocessing = 0;
		};
/* End PBXCopyFilesBuildPhase section */

/* Begin PBXFileReference section */
		07D9AA17AFFB2500AA13AFE4 /* Pods_UniVentUITests.framework */ = {isa = PBXFileReference; explicitFileType = wrapper.framework; includeInIndex = 0; path = Pods_UniVentUITests.framework; sourceTree = BUILT_PRODUCTS_DIR; };
		157A02DB82EE9592C739EEAF /* Pods_UniVent.framework */ = {isa = PBXFileReference; explicitFileType = wrapper.framework; includeInIndex = 0; path = Pods_UniVent.framework; sourceTree = BUILT_PRODUCTS_DIR; };
		46395DE0BF48F61A06EDD3DE /* Pods-UniVent.debug.xcconfig */ = {isa = PBXFileReference; includeInIndex = 1; lastKnownFileType = text.xcconfig; name = "Pods-UniVent.debug.xcconfig"; path = "Pods/Target Support Files/Pods-UniVent/Pods-UniVent.debug.xcconfig"; sourceTree = "<group>"; };
		497A5AA84B7AF1673A70B6FE /* Pods-UniVentTests.release.xcconfig */ = {isa = PBXFileReference; includeInIndex = 1; lastKnownFileType = text.xcconfig; name = "Pods-UniVentTests.release.xcconfig"; path = "Pods/Target Support Files/Pods-UniVentTests/Pods-UniVentTests.release.xcconfig"; sourceTree = "<group>"; };
		7432D61773B512E8FE6FE582 /* Pods-UniVentUITests.release.xcconfig */ = {isa = PBXFileReference; includeInIndex = 1; lastKnownFileType = text.xcconfig; name = "Pods-UniVentUITests.release.xcconfig"; path = "Pods/Target Support Files/Pods-UniVentUITests/Pods-UniVentUITests.release.xcconfig"; sourceTree = "<group>"; };
		833D87D859120A44CBA5C59A /* Pods_UniVentTests.framework */ = {isa = PBXFileReference; explicitFileType = wrapper.framework; includeInIndex = 0; path = Pods_UniVentTests.framework; sourceTree = BUILT_PRODUCTS_DIR; };
		8E0829CB1F755CFF00626F19 /* MapScreenViewController.swift */ = {isa = PBXFileReference; fileEncoding = 4; lastKnownFileType = sourcecode.swift; path = MapScreenViewController.swift; sourceTree = "<group>"; };
		8E0829CD1F75706500626F19 /* EventAnnotation.swift */ = {isa = PBXFileReference; fileEncoding = 4; lastKnownFileType = sourcecode.swift; path = EventAnnotation.swift; sourceTree = "<group>"; };
		8E0829CF1F75738800626F19 /* VCMapViewExtension.swift */ = {isa = PBXFileReference; fileEncoding = 4; lastKnownFileType = sourcecode.swift; path = VCMapViewExtension.swift; sourceTree = "<group>"; };
		8E0829EC1F7AE8F300626F19 /* Handy.swift */ = {isa = PBXFileReference; fileEncoding = 4; lastKnownFileType = sourcecode.swift; path = Handy.swift; sourceTree = "<group>"; };
		8E0E61631FC4E90F006C8E11 /* EventAddressExt.swift */ = {isa = PBXFileReference; fileEncoding = 4; lastKnownFileType = sourcecode.swift; path = EventAddressExt.swift; sourceTree = "<group>"; };
		8E0E61651FC4E943006C8E11 /* EventPreviewExt.swift */ = {isa = PBXFileReference; fileEncoding = 4; lastKnownFileType = sourcecode.swift; path = EventPreviewExt.swift; sourceTree = "<group>"; };
		8E0E61671FC4E96E006C8E11 /* EventTableExt.swift */ = {isa = PBXFileReference; fileEncoding = 4; lastKnownFileType = sourcecode.swift; path = EventTableExt.swift; sourceTree = "<group>"; };
		8E0E61691FC4E9BB006C8E11 /* EventDetailExt.swift */ = {isa = PBXFileReference; fileEncoding = 4; lastKnownFileType = sourcecode.swift; path = EventDetailExt.swift; sourceTree = "<group>"; };
		8E0E616C1FC4F2E1006C8E11 /* EventInfoViewController.swift */ = {isa = PBXFileReference; fileEncoding = 4; lastKnownFileType = sourcecode.swift; path = EventInfoViewController.swift; sourceTree = "<group>"; };
		8E0E616E1FC4FFA6006C8E11 /* EventRSVPInfoViewController.swift */ = {isa = PBXFileReference; fileEncoding = 4; lastKnownFileType = sourcecode.swift; path = EventRSVPInfoViewController.swift; sourceTree = "<group>"; };
		8E1742161F719F0000C556B7 /* UserNotifications.framework */ = {isa = PBXFileReference; lastKnownFileType = wrapper.framework; name = UserNotifications.framework; path = System/Library/Frameworks/UserNotifications.framework; sourceTree = SDKROOT; };
		8E394F2F1FAB900E002DF31E /* EventCreateOrEditViewController.swift */ = {isa = PBXFileReference; fileEncoding = 4; lastKnownFileType = sourcecode.swift; path = EventCreateOrEditViewController.swift; sourceTree = "<group>"; };
		8E394F311FAB906F002DF31E /* SettingsTableViewCell.swift */ = {isa = PBXFileReference; fileEncoding = 4; lastKnownFileType = sourcecode.swift; path = SettingsTableViewCell.swift; sourceTree = "<group>"; };
		8E394F331FAB9081002DF31E /* SettingOptionTableViewCell.swift */ = {isa = PBXFileReference; fileEncoding = 4; lastKnownFileType = sourcecode.swift; path = SettingOptionTableViewCell.swift; sourceTree = "<group>"; };
		8E394F341FAB9081002DF31E /* SettingsScreenViewController.swift */ = {isa = PBXFileReference; fileEncoding = 4; lastKnownFileType = sourcecode.swift; path = SettingsScreenViewController.swift; sourceTree = "<group>"; };
		8E394F351FAB9081002DF31E /* SettingsTableViewController.swift */ = {isa = PBXFileReference; fileEncoding = 4; lastKnownFileType = sourcecode.swift; path = SettingsTableViewController.swift; sourceTree = "<group>"; };
		8E394F3B1FAB9369002DF31E /* NSEvent.swift */ = {isa = PBXFileReference; fileEncoding = 4; lastKnownFileType = sourcecode.swift; name = NSEvent.swift; path = ../../UniVentGitRepo/UniVent/ClassReDesign/ClassReDesign/NSEvent.swift; sourceTree = "<group>"; };
		8E394F3C1FAB9369002DF31E /* NSUser.swift */ = {isa = PBXFileReference; fileEncoding = 4; lastKnownFileType = sourcecode.swift; name = NSUser.swift; path = ../../UniVentGitRepo/UniVent/ClassReDesign/ClassReDesign/NSUser.swift; sourceTree = "<group>"; };
		8E6B500D1F83E40A0089B967 /* ActivityViewController.swift */ = {isa = PBXFileReference; fileEncoding = 4; lastKnownFileType = sourcecode.swift; path = ActivityViewController.swift; sourceTree = "<group>"; };
		8E6B50641F9900560089B967 /* RatingControl.swift */ = {isa = PBXFileReference; fileEncoding = 4; lastKnownFileType = sourcecode.swift; path = RatingControl.swift; sourceTree = "<group>"; };
		8E6B50661F992A4E0089B967 /* Alerts.swift */ = {isa = PBXFileReference; fileEncoding = 4; lastKnownFileType = sourcecode.swift; path = Alerts.swift; sourceTree = "<group>"; };
		8E6B506A1F9A6F2F0089B967 /* FacebookManager.swift */ = {isa = PBXFileReference; fileEncoding = 4; lastKnownFileType = sourcecode.swift; path = FacebookManager.swift; sourceTree = "<group>"; };
		8E771BF51FBD368000C3C475 /* EventPreviewViewController.swift */ = {isa = PBXFileReference; fileEncoding = 4; lastKnownFileType = sourcecode.swift; path = EventPreviewViewController.swift; sourceTree = "<group>"; };
		8E771BF71FBE0F9B00C3C475 /* EventStartCreateViewController.swift */ = {isa = PBXFileReference; fileEncoding = 4; lastKnownFileType = sourcecode.swift; path = EventStartCreateViewController.swift; sourceTree = "<group>"; };
		8E771BFA1FBE496D00C3C475 /* ScheduleViewController.swift */ = {isa = PBXFileReference; fileEncoding = 4; lastKnownFileType = sourcecode.swift; path = ScheduleViewController.swift; sourceTree = "<group>"; };
		8E771BFC1FBE4F5F00C3C475 /* ScheduleTableViewCell.swift */ = {isa = PBXFileReference; fileEncoding = 4; lastKnownFileType = sourcecode.swift; path = ScheduleTableViewCell.swift; sourceTree = "<group>"; };
		8E8C6CCD1F7D814D001F2520 /* EventDetailViewController.swift */ = {isa = PBXFileReference; fileEncoding = 4; lastKnownFileType = sourcecode.swift; path = EventDetailViewController.swift; sourceTree = "<group>"; };
		8E96A0B71FC8C01200D304DA /* EventInfoPreviewViewController.swift */ = {isa = PBXFileReference; fileEncoding = 4; lastKnownFileType = sourcecode.swift; path = EventInfoPreviewViewController.swift; sourceTree = "<group>"; };
		8E96A0B91FC8D4CC00D304DA /* PreviewPin.swift */ = {isa = PBXFileReference; fileEncoding = 4; lastKnownFileType = sourcecode.swift; path = PreviewPin.swift; sourceTree = "<group>"; };
		8E97EC4B1F698C28000BAE13 /* UniVent.app */ = {isa = PBXFileReference; explicitFileType = wrapper.application; includeInIndex = 0; path = UniVent.app; sourceTree = BUILT_PRODUCTS_DIR; };
		8E97EC4E1F698C28000BAE13 /* AppDelegate.swift */ = {isa = PBXFileReference; lastKnownFileType = sourcecode.swift; path = AppDelegate.swift; sourceTree = "<group>"; };
		8E97EC501F698C28000BAE13 /* HomeScreenViewController.swift */ = {isa = PBXFileReference; lastKnownFileType = sourcecode.swift; path = HomeScreenViewController.swift; sourceTree = "<group>"; };
		8E97EC531F698C28000BAE13 /* Base */ = {isa = PBXFileReference; lastKnownFileType = file.storyboard; name = Base; path = Base.lproj/Main.storyboard; sourceTree = "<group>"; };
		8E97EC561F698C28000BAE13 /* UniVent.xcdatamodel */ = {isa = PBXFileReference; lastKnownFileType = wrapper.xcdatamodel; path = UniVent.xcdatamodel; sourceTree = "<group>"; };
		8E97EC581F698C28000BAE13 /* Assets.xcassets */ = {isa = PBXFileReference; lastKnownFileType = folder.assetcatalog; path = Assets.xcassets; sourceTree = "<group>"; };
		8E97EC5B1F698C28000BAE13 /* Base */ = {isa = PBXFileReference; lastKnownFileType = file.storyboard; name = Base; path = Base.lproj/LaunchScreen.storyboard; sourceTree = "<group>"; };
		8E97EC5D1F698C28000BAE13 /* Info.plist */ = {isa = PBXFileReference; lastKnownFileType = text.plist.xml; path = Info.plist; sourceTree = "<group>"; };
		8E97EC621F698C28000BAE13 /* UniVentTests.xctest */ = {isa = PBXFileReference; explicitFileType = wrapper.cfbundle; includeInIndex = 0; path = UniVentTests.xctest; sourceTree = BUILT_PRODUCTS_DIR; };
		8E97EC661F698C28000BAE13 /* UniVentTests.swift */ = {isa = PBXFileReference; lastKnownFileType = sourcecode.swift; path = UniVentTests.swift; sourceTree = "<group>"; };
		8E97EC681F698C28000BAE13 /* Info.plist */ = {isa = PBXFileReference; lastKnownFileType = text.plist.xml; path = Info.plist; sourceTree = "<group>"; };
		8E97EC6D1F698C28000BAE13 /* UniVentUITests.xctest */ = {isa = PBXFileReference; explicitFileType = wrapper.cfbundle; includeInIndex = 0; path = UniVentUITests.xctest; sourceTree = BUILT_PRODUCTS_DIR; };
		8E97EC711F698C28000BAE13 /* UniVentUITests.swift */ = {isa = PBXFileReference; lastKnownFileType = sourcecode.swift; path = UniVentUITests.swift; sourceTree = "<group>"; };
		8E97EC731F698C28000BAE13 /* Info.plist */ = {isa = PBXFileReference; lastKnownFileType = text.plist.xml; path = Info.plist; sourceTree = "<group>"; };
		8E97EC801F698C7C000BAE13 /* MapKit.framework */ = {isa = PBXFileReference; lastKnownFileType = wrapper.framework; name = MapKit.framework; path = System/Library/Frameworks/MapKit.framework; sourceTree = SDKROOT; };
		8E97EC821F698CB4000BAE13 /* UniVent.entitlements */ = {isa = PBXFileReference; lastKnownFileType = text.plist.entitlements; path = UniVent.entitlements; sourceTree = "<group>"; };
		8E97EC851F69AB54000BAE13 /* EventTableViewController.swift */ = {isa = PBXFileReference; fileEncoding = 4; lastKnownFileType = sourcecode.swift; path = EventTableViewController.swift; sourceTree = "<group>"; };
		8E97EC871F69AB65000BAE13 /* EventTableViewCell.swift */ = {isa = PBXFileReference; fileEncoding = 4; lastKnownFileType = sourcecode.swift; path = EventTableViewCell.swift; sourceTree = "<group>"; };
		8EAB59841FB4D9C20022EFAA /* HeaderTableViewCell.swift */ = {isa = PBXFileReference; fileEncoding = 4; lastKnownFileType = sourcecode.swift; path = HeaderTableViewCell.swift; sourceTree = "<group>"; };
		8EAEC7A61FBB8BFD00D0EFE0 /* EventDescViewController.swift */ = {isa = PBXFileReference; fileEncoding = 4; lastKnownFileType = sourcecode.swift; path = EventDescViewController.swift; sourceTree = "<group>"; };
		8EC61E9D1FACAC8A003C291B /* Curse.swift */ = {isa = PBXFileReference; fileEncoding = 4; lastKnownFileType = sourcecode.swift; path = Curse.swift; sourceTree = "<group>"; };
		8EE86C5B1FB76AC60014F85D /* OneSignalNotificationServiceExtension.appex */ = {isa = PBXFileReference; explicitFileType = "wrapper.app-extension"; includeInIndex = 0; path = OneSignalNotificationServiceExtension.appex; sourceTree = BUILT_PRODUCTS_DIR; };
		8EE86C6A1FB8C1EC0014F85D /* TabBarViewController.swift */ = {isa = PBXFileReference; fileEncoding = 4; lastKnownFileType = sourcecode.swift; path = TabBarViewController.swift; sourceTree = "<group>"; };
		8EE86C6D1FBA20A40014F85D /* EventTitleViewController.swift */ = {isa = PBXFileReference; fileEncoding = 4; lastKnownFileType = sourcecode.swift; path = EventTitleViewController.swift; sourceTree = "<group>"; };
		8EE86C6F1FBA30F30014F85D /* EventAddressViewController.swift */ = {isa = PBXFileReference; fileEncoding = 4; lastKnownFileType = sourcecode.swift; path = EventAddressViewController.swift; sourceTree = "<group>"; };
		8EE86C711FBA4E0B0014F85D /* EventDateViewController.swift */ = {isa = PBXFileReference; fileEncoding = 4; lastKnownFileType = sourcecode.swift; path = EventDateViewController.swift; sourceTree = "<group>"; };
		8EE86C751FBA5D3B0014F85D /* CreateEventTableViewCell.swift */ = {isa = PBXFileReference; fileEncoding = 4; lastKnownFileType = sourcecode.swift; path = CreateEventTableViewCell.swift; sourceTree = "<group>"; };
		8EE86C771FBA660E0014F85D /* EventTypeViewController.swift */ = {isa = PBXFileReference; fileEncoding = 4; lastKnownFileType = sourcecode.swift; path = EventTypeViewController.swift; sourceTree = "<group>"; };
		8EE86C791FBAAB140014F85D /* EventAnalyticsViewController.swift */ = {isa = PBXFileReference; fileEncoding = 4; lastKnownFileType = sourcecode.swift; path = EventAnalyticsViewController.swift; sourceTree = "<group>"; };
		8EE86C7B1FBADCF50014F85D /* EventInterestViewController.swift */ = {isa = PBXFileReference; fileEncoding = 4; lastKnownFileType = sourcecode.swift; path = EventInterestViewController.swift; sourceTree = "<group>"; };
		A5A85A384F854B8EC6310128 /* Pods_OneSignalNotificationServiceExtension.framework */ = {isa = PBXFileReference; explicitFileType = wrapper.framework; includeInIndex = 0; path = Pods_OneSignalNotificationServiceExtension.framework; sourceTree = BUILT_PRODUCTS_DIR; };
		C6772C5AF98E8C8FD8BFC7E7 /* Pods-UniVentUITests.debug.xcconfig */ = {isa = PBXFileReference; includeInIndex = 1; lastKnownFileType = text.xcconfig; name = "Pods-UniVentUITests.debug.xcconfig"; path = "Pods/Target Support Files/Pods-UniVentUITests/Pods-UniVentUITests.debug.xcconfig"; sourceTree = "<group>"; };
		D9C3737EBFFAF857B4474F34 /* Pods-UniVentTests.debug.xcconfig */ = {isa = PBXFileReference; includeInIndex = 1; lastKnownFileType = text.xcconfig; name = "Pods-UniVentTests.debug.xcconfig"; path = "Pods/Target Support Files/Pods-UniVentTests/Pods-UniVentTests.debug.xcconfig"; sourceTree = "<group>"; };
		FF76CC40A7E83BB814E45C6F /* Pods-UniVent.release.xcconfig */ = {isa = PBXFileReference; includeInIndex = 1; lastKnownFileType = text.xcconfig; name = "Pods-UniVent.release.xcconfig"; path = "Pods/Target Support Files/Pods-UniVent/Pods-UniVent.release.xcconfig"; sourceTree = "<group>"; };
/* End PBXFileReference section */

/* Begin PBXFrameworksBuildPhase section */
		8E97EC481F698C28000BAE13 /* Frameworks */ = {
			isa = PBXFrameworksBuildPhase;
			buildActionMask = 2147483647;
			files = (
				8E1742171F719F0000C556B7 /* UserNotifications.framework in Frameworks */,
				8E97EC811F698C7C000BAE13 /* MapKit.framework in Frameworks */,
				EBA5DDD4822BA10357F1E1E6 /* Pods_UniVent.framework in Frameworks */,
			);
			runOnlyForDeploymentPostprocessing = 0;
		};
		8E97EC5F1F698C28000BAE13 /* Frameworks */ = {
			isa = PBXFrameworksBuildPhase;
			buildActionMask = 2147483647;
			files = (
				16C6E19B4B50E4CFB63D8A90 /* Pods_UniVentTests.framework in Frameworks */,
			);
			runOnlyForDeploymentPostprocessing = 0;
		};
		8E97EC6A1F698C28000BAE13 /* Frameworks */ = {
			isa = PBXFrameworksBuildPhase;
			buildActionMask = 2147483647;
			files = (
				AEC7F0176229448C16B2153E /* Pods_UniVentUITests.framework in Frameworks */,
			);
			runOnlyForDeploymentPostprocessing = 0;
		};
		8EE86C581FB76AC60014F85D /* Frameworks */ = {
			isa = PBXFrameworksBuildPhase;
			buildActionMask = 2147483647;
			files = (
			);
			runOnlyForDeploymentPostprocessing = 0;
		};
/* End PBXFrameworksBuildPhase section */

/* Begin PBXGroup section */
		70E94F3FC1065C33B977AD6B /* Pods */ = {
			isa = PBXGroup;
			children = (
				46395DE0BF48F61A06EDD3DE /* Pods-UniVent.debug.xcconfig */,
				FF76CC40A7E83BB814E45C6F /* Pods-UniVent.release.xcconfig */,
				D9C3737EBFFAF857B4474F34 /* Pods-UniVentTests.debug.xcconfig */,
				497A5AA84B7AF1673A70B6FE /* Pods-UniVentTests.release.xcconfig */,
				C6772C5AF98E8C8FD8BFC7E7 /* Pods-UniVentUITests.debug.xcconfig */,
				7432D61773B512E8FE6FE582 /* Pods-UniVentUITests.release.xcconfig */,
			);
			name = Pods;
			sourceTree = "<group>";
		};
		8E0829C71F74714A00626F19 /* SettingsScreen */ = {
			isa = PBXGroup;
			children = (
				8E394F331FAB9081002DF31E /* SettingOptionTableViewCell.swift */,
				8E394F341FAB9081002DF31E /* SettingsScreenViewController.swift */,
				8E394F351FAB9081002DF31E /* SettingsTableViewController.swift */,
				8E394F311FAB906F002DF31E /* SettingsTableViewCell.swift */,
				8EAB59841FB4D9C20022EFAA /* HeaderTableViewCell.swift */,
			);
			name = SettingsScreen;
			sourceTree = "<group>";
		};
		8E0829CA1F755CE100626F19 /* MapScreen */ = {
			isa = PBXGroup;
			children = (
				8E0829CB1F755CFF00626F19 /* MapScreenViewController.swift */,
				8E0829CD1F75706500626F19 /* EventAnnotation.swift */,
				8E0829CF1F75738800626F19 /* VCMapViewExtension.swift */,
			);
			name = MapScreen;
			sourceTree = "<group>";
		};
		8E0829D11F7577A000626F19 /* EventDetailScreen */ = {
			isa = PBXGroup;
			children = (
				8E8C6CCD1F7D814D001F2520 /* EventDetailViewController.swift */,
				8E6B50641F9900560089B967 /* RatingControl.swift */,
			);
			name = EventDetailScreen;
			sourceTree = "<group>";
		};
		8E0829D21F75789400626F19 /* EventCreationScreen */ = {
			isa = PBXGroup;
			children = (
				8E394F2F1FAB900E002DF31E /* EventCreateOrEditViewController.swift */,
			);
			name = EventCreationScreen;
			sourceTree = "<group>";
		};
		8E0829D61F7AAD8400626F19 /* Classes */ = {
			isa = PBXGroup;
			children = (
				8E394F3B1FAB9369002DF31E /* NSEvent.swift */,
				8E394F3C1FAB9369002DF31E /* NSUser.swift */,
			);
			name = Classes;
			sourceTree = "<group>";
		};
		8E0E616B1FC4F2B3006C8E11 /* New Event Detaill */ = {
			isa = PBXGroup;
			children = (
				8E0E616C1FC4F2E1006C8E11 /* EventInfoViewController.swift */,
				8E0E616E1FC4FFA6006C8E11 /* EventRSVPInfoViewController.swift */,
			);
			name = "New Event Detaill";
			sourceTree = "<group>";
		};
		8E6B500F1F841A3C0089B967 /* Helpers */ = {
			isa = PBXGroup;
			children = (
				8E6B500D1F83E40A0089B967 /* ActivityViewController.swift */,
				8E0829EC1F7AE8F300626F19 /* Handy.swift */,
				8E6B50661F992A4E0089B967 /* Alerts.swift */,
				8E0E61631FC4E90F006C8E11 /* EventAddressExt.swift */,
				8E0E61651FC4E943006C8E11 /* EventPreviewExt.swift */,
				8E0E61671FC4E96E006C8E11 /* EventTableExt.swift */,
				8E0E61691FC4E9BB006C8E11 /* EventDetailExt.swift */,
			);
			name = Helpers;
			sourceTree = "<group>";
		};
		8E771BF91FBE494D00C3C475 /* Schedule */ = {
			isa = PBXGroup;
			children = (
				8E771BFA1FBE496D00C3C475 /* ScheduleViewController.swift */,
				8E771BFC1FBE4F5F00C3C475 /* ScheduleTableViewCell.swift */,
			);
			name = Schedule;
			sourceTree = "<group>";
		};
		8E97EC421F698C28000BAE13 = {
			isa = PBXGroup;
			children = (
				8E97EC4D1F698C28000BAE13 /* UniVent */,
				8E97EC651F698C28000BAE13 /* UniVentTests */,
				8E97EC701F698C28000BAE13 /* UniVentUITests */,
				8E97EC4C1F698C28000BAE13 /* Products */,
				8E97EC7F1F698C7C000BAE13 /* Frameworks */,
				70E94F3FC1065C33B977AD6B /* Pods */,
			);
			sourceTree = "<group>";
		};
		8E97EC4C1F698C28000BAE13 /* Products */ = {
			isa = PBXGroup;
			children = (
				8E97EC4B1F698C28000BAE13 /* UniVent.app */,
				8E97EC621F698C28000BAE13 /* UniVentTests.xctest */,
				8E97EC6D1F698C28000BAE13 /* UniVentUITests.xctest */,
				8EE86C5B1FB76AC60014F85D /* OneSignalNotificationServiceExtension.appex */,
			);
			name = Products;
			sourceTree = "<group>";
		};
		8E97EC4D1F698C28000BAE13 /* UniVent */ = {
			isa = PBXGroup;
			children = (
				8E0E616B1FC4F2B3006C8E11 /* New Event Detaill */,
				8EE86C691FB8C1BA0014F85D /* TabBar */,
				8E771BF91FBE494D00C3C475 /* Schedule */,
				8EE86C6C1FBA207B0014F85D /* Create Event */,
				8E6B500F1F841A3C0089B967 /* Helpers */,
				8E0829D61F7AAD8400626F19 /* Classes */,
				8E0829D21F75789400626F19 /* EventCreationScreen */,
				8E0829D11F7577A000626F19 /* EventDetailScreen */,
				8E0829CA1F755CE100626F19 /* MapScreen */,
				8E0829C71F74714A00626F19 /* SettingsScreen */,
				8E97EC841F69AB24000BAE13 /* EventsTable */,
				8E97EC831F6996B8000BAE13 /* HomeScreen */,
				8E97EC821F698CB4000BAE13 /* UniVent.entitlements */,
				8E97EC4E1F698C28000BAE13 /* AppDelegate.swift */,
				8E97EC521F698C28000BAE13 /* Main.storyboard */,
				8E97EC581F698C28000BAE13 /* Assets.xcassets */,
				8E97EC5A1F698C28000BAE13 /* LaunchScreen.storyboard */,
				8E97EC5D1F698C28000BAE13 /* Info.plist */,
				8E97EC551F698C28000BAE13 /* UniVent.xcdatamodeld */,
				8EC61E9D1FACAC8A003C291B /* Curse.swift */,
			);
			path = UniVent;
			sourceTree = "<group>";
		};
		8E97EC651F698C28000BAE13 /* UniVentTests */ = {
			isa = PBXGroup;
			children = (
				8E97EC661F698C28000BAE13 /* UniVentTests.swift */,
				8E97EC681F698C28000BAE13 /* Info.plist */,
			);
			path = UniVentTests;
			sourceTree = "<group>";
		};
		8E97EC701F698C28000BAE13 /* UniVentUITests */ = {
			isa = PBXGroup;
			children = (
				8E97EC711F698C28000BAE13 /* UniVentUITests.swift */,
				8E97EC731F698C28000BAE13 /* Info.plist */,
			);
			path = UniVentUITests;
			sourceTree = "<group>";
		};
		8E97EC7F1F698C7C000BAE13 /* Frameworks */ = {
			isa = PBXGroup;
			children = (
				8E1742161F719F0000C556B7 /* UserNotifications.framework */,
				8E97EC801F698C7C000BAE13 /* MapKit.framework */,
				157A02DB82EE9592C739EEAF /* Pods_UniVent.framework */,
				833D87D859120A44CBA5C59A /* Pods_UniVentTests.framework */,
				07D9AA17AFFB2500AA13AFE4 /* Pods_UniVentUITests.framework */,
				A5A85A384F854B8EC6310128 /* Pods_OneSignalNotificationServiceExtension.framework */,
			);
			name = Frameworks;
			sourceTree = "<group>";
		};
		8E97EC831F6996B8000BAE13 /* HomeScreen */ = {
			isa = PBXGroup;
			children = (
				8E97EC501F698C28000BAE13 /* HomeScreenViewController.swift */,
				8E6B506A1F9A6F2F0089B967 /* FacebookManager.swift */,
			);
			name = HomeScreen;
			sourceTree = "<group>";
		};
		8E97EC841F69AB24000BAE13 /* EventsTable */ = {
			isa = PBXGroup;
			children = (
				8E97EC851F69AB54000BAE13 /* EventTableViewController.swift */,
				8E97EC871F69AB65000BAE13 /* EventTableViewCell.swift */,
			);
			name = EventsTable;
			sourceTree = "<group>";
		};
		8EE86C691FB8C1BA0014F85D /* TabBar */ = {
			isa = PBXGroup;
			children = (
				8EE86C6A1FB8C1EC0014F85D /* TabBarViewController.swift */,
			);
			name = TabBar;
			sourceTree = "<group>";
		};
		8EE86C6C1FBA207B0014F85D /* Create Event */ = {
			isa = PBXGroup;
			children = (
				8E771BF71FBE0F9B00C3C475 /* EventStartCreateViewController.swift */,
				8EE86C6D1FBA20A40014F85D /* EventTitleViewController.swift */,
				8EE86C6F1FBA30F30014F85D /* EventAddressViewController.swift */,
				8EE86C711FBA4E0B0014F85D /* EventDateViewController.swift */,
				8EE86C771FBA660E0014F85D /* EventTypeViewController.swift */,
				8EE86C791FBAAB140014F85D /* EventAnalyticsViewController.swift */,
				8EE86C7B1FBADCF50014F85D /* EventInterestViewController.swift */,
				8EAEC7A61FBB8BFD00D0EFE0 /* EventDescViewController.swift */,
				8E771BF51FBD368000C3C475 /* EventPreviewViewController.swift */,
				8EE86C751FBA5D3B0014F85D /* CreateEventTableViewCell.swift */,
				8E96A0B71FC8C01200D304DA /* EventInfoPreviewViewController.swift */,
				8E96A0B91FC8D4CC00D304DA /* PreviewPin.swift */,
			);
			name = "Create Event";
			sourceTree = "<group>";
		};
/* End PBXGroup section */

/* Begin PBXNativeTarget section */
		8E97EC4A1F698C28000BAE13 /* UniVent */ = {
			isa = PBXNativeTarget;
			buildConfigurationList = 8E97EC761F698C28000BAE13 /* Build configuration list for PBXNativeTarget "UniVent" */;
			buildPhases = (
				CC19020E01DB44430A13144D /* [CP] Check Pods Manifest.lock */,
				8E97EC471F698C28000BAE13 /* Sources */,
				8E97EC481F698C28000BAE13 /* Frameworks */,
				8E97EC491F698C28000BAE13 /* Resources */,
				E4C3481F817EA7CFC9781E70 /* [CP] Embed Pods Frameworks */,
				93E6B0CB355CB3E107EC7400 /* [CP] Copy Pods Resources */,
				8EE86C661FB76AC70014F85D /* Embed App Extensions */,
			);
			buildRules = (
			);
			dependencies = (
				8EE86C611FB76AC70014F85D /* PBXTargetDependency */,
			);
			name = UniVent;
			productName = UniVent;
			productReference = 8E97EC4B1F698C28000BAE13 /* UniVent.app */;
			productType = "com.apple.product-type.application";
		};
		8E97EC611F698C28000BAE13 /* UniVentTests */ = {
			isa = PBXNativeTarget;
			buildConfigurationList = 8E97EC791F698C28000BAE13 /* Build configuration list for PBXNativeTarget "UniVentTests" */;
			buildPhases = (
				05FE8034592341BCD914B125 /* [CP] Check Pods Manifest.lock */,
				8E97EC5E1F698C28000BAE13 /* Sources */,
				8E97EC5F1F698C28000BAE13 /* Frameworks */,
				8E97EC601F698C28000BAE13 /* Resources */,
				564848752C25883B8169CC17 /* [CP] Embed Pods Frameworks */,
				EA7A9A7F419827460D9FBAD3 /* [CP] Copy Pods Resources */,
			);
			buildRules = (
			);
			dependencies = (
				8E97EC641F698C28000BAE13 /* PBXTargetDependency */,
			);
			name = UniVentTests;
			productName = UniVentTests;
			productReference = 8E97EC621F698C28000BAE13 /* UniVentTests.xctest */;
			productType = "com.apple.product-type.bundle.unit-test";
		};
		8E97EC6C1F698C28000BAE13 /* UniVentUITests */ = {
			isa = PBXNativeTarget;
			buildConfigurationList = 8E97EC7C1F698C28000BAE13 /* Build configuration list for PBXNativeTarget "UniVentUITests" */;
			buildPhases = (
				B22A47E294D1E89B4C90B5F3 /* [CP] Check Pods Manifest.lock */,
				8E97EC691F698C28000BAE13 /* Sources */,
				8E97EC6A1F698C28000BAE13 /* Frameworks */,
				8E97EC6B1F698C28000BAE13 /* Resources */,
				AF3DC90431391CC88E5C1EC2 /* [CP] Embed Pods Frameworks */,
				C00A33C4A288D55EB2D93698 /* [CP] Copy Pods Resources */,
			);
			buildRules = (
			);
			dependencies = (
				8E97EC6F1F698C28000BAE13 /* PBXTargetDependency */,
			);
			name = UniVentUITests;
			productName = UniVentUITests;
			productReference = 8E97EC6D1F698C28000BAE13 /* UniVentUITests.xctest */;
			productType = "com.apple.product-type.bundle.ui-testing";
		};
		8EE86C5A1FB76AC60014F85D /* OneSignalNotificationServiceExtension */ = {
			isa = PBXNativeTarget;
			buildConfigurationList = 8EE86C631FB76AC70014F85D /* Build configuration list for PBXNativeTarget "OneSignalNotificationServiceExtension" */;
			buildPhases = (
				8EE86C571FB76AC60014F85D /* Sources */,
				8EE86C581FB76AC60014F85D /* Frameworks */,
				8EE86C591FB76AC60014F85D /* Resources */,
			);
			buildRules = (
			);
			dependencies = (
			);
			name = OneSignalNotificationServiceExtension;
			productName = OneSignalNotificationServiceExtension;
			productReference = 8EE86C5B1FB76AC60014F85D /* OneSignalNotificationServiceExtension.appex */;
			productType = "com.apple.product-type.app-extension";
		};
/* End PBXNativeTarget section */

/* Begin PBXProject section */
		8E97EC431F698C28000BAE13 /* Project object */ = {
			isa = PBXProject;
			attributes = {
				LastSwiftUpdateCheck = 0830;
				LastUpgradeCheck = 0830;
				ORGANIZATIONNAME = UniVentApp;
				TargetAttributes = {
					8E97EC4A1F698C28000BAE13 = {
						CreatedOnToolsVersion = 8.3.3;
						DevelopmentTeam = 743LU673R8;
						ProvisioningStyle = Automatic;
						SystemCapabilities = {
							com.apple.BackgroundModes = {
								enabled = 1;
							};
							com.apple.DataProtection = {
								enabled = 1;
							};
							com.apple.Keychain = {
								enabled = 1;
							};
							com.apple.Maps.iOS = {
								enabled = 1;
							};
							com.apple.Push = {
								enabled = 1;
							};
						};
					};
					8E97EC611F698C28000BAE13 = {
						CreatedOnToolsVersion = 8.3.3;
						DevelopmentTeam = 743LU673R8;
						ProvisioningStyle = Automatic;
						TestTargetID = 8E97EC4A1F698C28000BAE13;
					};
					8E97EC6C1F698C28000BAE13 = {
						CreatedOnToolsVersion = 8.3.3;
						DevelopmentTeam = 743LU673R8;
						ProvisioningStyle = Automatic;
						TestTargetID = 8E97EC4A1F698C28000BAE13;
					};
					8EE86C5A1FB76AC60014F85D = {
						CreatedOnToolsVersion = 8.3.3;
						DevelopmentTeam = 743LU673R8;
						ProvisioningStyle = Automatic;
					};
				};
			};
			buildConfigurationList = 8E97EC461F698C28000BAE13 /* Build configuration list for PBXProject "UniVent" */;
			compatibilityVersion = "Xcode 3.2";
			developmentRegion = English;
			hasScannedForEncodings = 0;
			knownRegions = (
				en,
				Base,
			);
			mainGroup = 8E97EC421F698C28000BAE13;
			productRefGroup = 8E97EC4C1F698C28000BAE13 /* Products */;
			projectDirPath = "";
			projectRoot = "";
			targets = (
				8E97EC4A1F698C28000BAE13 /* UniVent */,
				8E97EC611F698C28000BAE13 /* UniVentTests */,
				8E97EC6C1F698C28000BAE13 /* UniVentUITests */,
				8EE86C5A1FB76AC60014F85D /* OneSignalNotificationServiceExtension */,
			);
		};
/* End PBXProject section */

/* Begin PBXResourcesBuildPhase section */
		8E97EC491F698C28000BAE13 /* Resources */ = {
			isa = PBXResourcesBuildPhase;
			buildActionMask = 2147483647;
			files = (
				8E97EC5C1F698C28000BAE13 /* LaunchScreen.storyboard in Resources */,
				8E97EC591F698C28000BAE13 /* Assets.xcassets in Resources */,
				8E97EC541F698C28000BAE13 /* Main.storyboard in Resources */,
			);
			runOnlyForDeploymentPostprocessing = 0;
		};
		8E97EC601F698C28000BAE13 /* Resources */ = {
			isa = PBXResourcesBuildPhase;
			buildActionMask = 2147483647;
			files = (
			);
			runOnlyForDeploymentPostprocessing = 0;
		};
		8E97EC6B1F698C28000BAE13 /* Resources */ = {
			isa = PBXResourcesBuildPhase;
			buildActionMask = 2147483647;
			files = (
			);
			runOnlyForDeploymentPostprocessing = 0;
		};
		8EE86C591FB76AC60014F85D /* Resources */ = {
			isa = PBXResourcesBuildPhase;
			buildActionMask = 2147483647;
			files = (
			);
			runOnlyForDeploymentPostprocessing = 0;
		};
/* End PBXResourcesBuildPhase section */

/* Begin PBXShellScriptBuildPhase section */
		05FE8034592341BCD914B125 /* [CP] Check Pods Manifest.lock */ = {
			isa = PBXShellScriptBuildPhase;
			buildActionMask = 2147483647;
			files = (
			);
			inputPaths = (
			);
			name = "[CP] Check Pods Manifest.lock";
			outputPaths = (
			);
			runOnlyForDeploymentPostprocessing = 0;
			shellPath = /bin/sh;
			shellScript = "diff \"${PODS_PODFILE_DIR_PATH}/Podfile.lock\" \"${PODS_ROOT}/Manifest.lock\" > /dev/null\nif [ $? != 0 ] ; then\n    # print error to STDERR\n    echo \"error: The sandbox is not in sync with the Podfile.lock. Run 'pod install' or update your CocoaPods installation.\" >&2\n    exit 1\nfi\n";
			showEnvVarsInLog = 0;
		};
		564848752C25883B8169CC17 /* [CP] Embed Pods Frameworks */ = {
			isa = PBXShellScriptBuildPhase;
			buildActionMask = 2147483647;
			files = (
			);
			inputPaths = (
			);
			name = "[CP] Embed Pods Frameworks";
			outputPaths = (
			);
			runOnlyForDeploymentPostprocessing = 0;
			shellPath = /bin/sh;
			shellScript = "\"${SRCROOT}/Pods/Target Support Files/Pods-UniVentTests/Pods-UniVentTests-frameworks.sh\"\n";
			showEnvVarsInLog = 0;
		};
		93E6B0CB355CB3E107EC7400 /* [CP] Copy Pods Resources */ = {
			isa = PBXShellScriptBuildPhase;
			buildActionMask = 2147483647;
			files = (
			);
			inputPaths = (
			);
			name = "[CP] Copy Pods Resources";
			outputPaths = (
			);
			runOnlyForDeploymentPostprocessing = 0;
			shellPath = /bin/sh;
			shellScript = "\"${SRCROOT}/Pods/Target Support Files/Pods-UniVent/Pods-UniVent-resources.sh\"\n";
			showEnvVarsInLog = 0;
		};
		AF3DC90431391CC88E5C1EC2 /* [CP] Embed Pods Frameworks */ = {
			isa = PBXShellScriptBuildPhase;
			buildActionMask = 2147483647;
			files = (
			);
			inputPaths = (
			);
			name = "[CP] Embed Pods Frameworks";
			outputPaths = (
			);
			runOnlyForDeploymentPostprocessing = 0;
			shellPath = /bin/sh;
			shellScript = "\"${SRCROOT}/Pods/Target Support Files/Pods-UniVentUITests/Pods-UniVentUITests-frameworks.sh\"\n";
			showEnvVarsInLog = 0;
		};
		B22A47E294D1E89B4C90B5F3 /* [CP] Check Pods Manifest.lock */ = {
			isa = PBXShellScriptBuildPhase;
			buildActionMask = 2147483647;
			files = (
			);
			inputPaths = (
			);
			name = "[CP] Check Pods Manifest.lock";
			outputPaths = (
			);
			runOnlyForDeploymentPostprocessing = 0;
			shellPath = /bin/sh;
			shellScript = "diff \"${PODS_PODFILE_DIR_PATH}/Podfile.lock\" \"${PODS_ROOT}/Manifest.lock\" > /dev/null\nif [ $? != 0 ] ; then\n    # print error to STDERR\n    echo \"error: The sandbox is not in sync with the Podfile.lock. Run 'pod install' or update your CocoaPods installation.\" >&2\n    exit 1\nfi\n";
			showEnvVarsInLog = 0;
		};
		C00A33C4A288D55EB2D93698 /* [CP] Copy Pods Resources */ = {
			isa = PBXShellScriptBuildPhase;
			buildActionMask = 2147483647;
			files = (
			);
			inputPaths = (
			);
			name = "[CP] Copy Pods Resources";
			outputPaths = (
			);
			runOnlyForDeploymentPostprocessing = 0;
			shellPath = /bin/sh;
			shellScript = "\"${SRCROOT}/Pods/Target Support Files/Pods-UniVentUITests/Pods-UniVentUITests-resources.sh\"\n";
			showEnvVarsInLog = 0;
		};
		CC19020E01DB44430A13144D /* [CP] Check Pods Manifest.lock */ = {
			isa = PBXShellScriptBuildPhase;
			buildActionMask = 2147483647;
			files = (
			);
			inputPaths = (
			);
			name = "[CP] Check Pods Manifest.lock";
			outputPaths = (
			);
			runOnlyForDeploymentPostprocessing = 0;
			shellPath = /bin/sh;
			shellScript = "diff \"${PODS_PODFILE_DIR_PATH}/Podfile.lock\" \"${PODS_ROOT}/Manifest.lock\" > /dev/null\nif [ $? != 0 ] ; then\n    # print error to STDERR\n    echo \"error: The sandbox is not in sync with the Podfile.lock. Run 'pod install' or update your CocoaPods installation.\" >&2\n    exit 1\nfi\n";
			showEnvVarsInLog = 0;
		};
		E4C3481F817EA7CFC9781E70 /* [CP] Embed Pods Frameworks */ = {
			isa = PBXShellScriptBuildPhase;
			buildActionMask = 2147483647;
			files = (
			);
			inputPaths = (
			);
			name = "[CP] Embed Pods Frameworks";
			outputPaths = (
			);
			runOnlyForDeploymentPostprocessing = 0;
			shellPath = /bin/sh;
			shellScript = "\"${SRCROOT}/Pods/Target Support Files/Pods-UniVent/Pods-UniVent-frameworks.sh\"\n";
			showEnvVarsInLog = 0;
		};
		EA7A9A7F419827460D9FBAD3 /* [CP] Copy Pods Resources */ = {
			isa = PBXShellScriptBuildPhase;
			buildActionMask = 2147483647;
			files = (
			);
			inputPaths = (
			);
			name = "[CP] Copy Pods Resources";
			outputPaths = (
			);
			runOnlyForDeploymentPostprocessing = 0;
			shellPath = /bin/sh;
			shellScript = "\"${SRCROOT}/Pods/Target Support Files/Pods-UniVentTests/Pods-UniVentTests-resources.sh\"\n";
			showEnvVarsInLog = 0;
		};
/* End PBXShellScriptBuildPhase section */

/* Begin PBXSourcesBuildPhase section */
		8E97EC471F698C28000BAE13 /* Sources */ = {
			isa = PBXSourcesBuildPhase;
			buildActionMask = 2147483647;
			files = (
				8E97EC511F698C28000BAE13 /* HomeScreenViewController.swift in Sources */,
				8E394F371FAB9081002DF31E /* SettingsScreenViewController.swift in Sources */,
				8EE86C781FBA660E0014F85D /* EventTypeViewController.swift in Sources */,
				8E771BFB1FBE496D00C3C475 /* ScheduleViewController.swift in Sources */,
				8EE86C7C1FBADCF50014F85D /* EventInterestViewController.swift in Sources */,
				8EE86C761FBA5D3B0014F85D /* CreateEventTableViewCell.swift in Sources */,
				8E6B506B1F9A6F2F0089B967 /* FacebookManager.swift in Sources */,
				8E394F321FAB906F002DF31E /* SettingsTableViewCell.swift in Sources */,
				8E6B500E1F83E40A0089B967 /* ActivityViewController.swift in Sources */,
				8E771BFD1FBE4F5F00C3C475 /* ScheduleTableViewCell.swift in Sources */,
				8EE86C6E1FBA20A40014F85D /* EventTitleViewController.swift in Sources */,
				8E97EC571F698C28000BAE13 /* UniVent.xcdatamodeld in Sources */,
				8E96A0BA1FC8D4CC00D304DA /* PreviewPin.swift in Sources */,
				8E0829D01F75738800626F19 /* VCMapViewExtension.swift in Sources */,
				8E96A0B81FC8C01200D304DA /* EventInfoPreviewViewController.swift in Sources */,
				8E8C6CCE1F7D814D001F2520 /* EventDetailViewController.swift in Sources */,
				8E6B50651F9900560089B967 /* RatingControl.swift in Sources */,
				8EE86C6B1FB8C1EC0014F85D /* TabBarViewController.swift in Sources */,
				8E0E616F1FC4FFA6006C8E11 /* EventRSVPInfoViewController.swift in Sources */,
				8E0E61681FC4E96E006C8E11 /* EventTableExt.swift in Sources */,
				8E394F3D1FAB9369002DF31E /* NSEvent.swift in Sources */,
				8E394F301FAB900E002DF31E /* EventCreateOrEditViewController.swift in Sources */,
				8E97EC861F69AB54000BAE13 /* EventTableViewController.swift in Sources */,
				8E771BF81FBE0F9B00C3C475 /* EventStartCreateViewController.swift in Sources */,
				8E0829CC1F755CFF00626F19 /* MapScreenViewController.swift in Sources */,
				8E394F3E1FAB9369002DF31E /* NSUser.swift in Sources */,
				8EC61E9E1FACAC8A003C291B /* Curse.swift in Sources */,
				8EE86C701FBA30F30014F85D /* EventAddressViewController.swift in Sources */,
				8EAB59851FB4D9C20022EFAA /* HeaderTableViewCell.swift in Sources */,
				8E394F361FAB9081002DF31E /* SettingOptionTableViewCell.swift in Sources */,
				8E0829CE1F75706500626F19 /* EventAnnotation.swift in Sources */,
				8EAEC7A71FBB8BFD00D0EFE0 /* EventDescViewController.swift in Sources */,
				8E0E616A1FC4E9BB006C8E11 /* EventDetailExt.swift in Sources */,
				8E97EC881F69AB65000BAE13 /* EventTableViewCell.swift in Sources */,
				8EE86C721FBA4E0B0014F85D /* EventDateViewController.swift in Sources */,
				8E0E616D1FC4F2E1006C8E11 /* EventInfoViewController.swift in Sources */,
				8E0E61641FC4E90F006C8E11 /* EventAddressExt.swift in Sources */,
				8E0E61661FC4E943006C8E11 /* EventPreviewExt.swift in Sources */,
				8E771BF61FBD368000C3C475 /* EventPreviewViewController.swift in Sources */,
				8E97EC4F1F698C28000BAE13 /* AppDelegate.swift in Sources */,
				8E6B50671F992A4E0089B967 /* Alerts.swift in Sources */,
				8E0829ED1F7AE8F300626F19 /* Handy.swift in Sources */,
				8EE86C7A1FBAAB140014F85D /* EventAnalyticsViewController.swift in Sources */,
				8E394F381FAB9081002DF31E /* SettingsTableViewController.swift in Sources */,
			);
			runOnlyForDeploymentPostprocessing = 0;
		};
		8E97EC5E1F698C28000BAE13 /* Sources */ = {
			isa = PBXSourcesBuildPhase;
			buildActionMask = 2147483647;
			files = (
				8E97EC671F698C28000BAE13 /* UniVentTests.swift in Sources */,
			);
			runOnlyForDeploymentPostprocessing = 0;
		};
		8E97EC691F698C28000BAE13 /* Sources */ = {
			isa = PBXSourcesBuildPhase;
			buildActionMask = 2147483647;
			files = (
				8E97EC721F698C28000BAE13 /* UniVentUITests.swift in Sources */,
			);
			runOnlyForDeploymentPostprocessing = 0;
		};
		8EE86C571FB76AC60014F85D /* Sources */ = {
			isa = PBXSourcesBuildPhase;
			buildActionMask = 2147483647;
			files = (
			);
			runOnlyForDeploymentPostprocessing = 0;
		};
/* End PBXSourcesBuildPhase section */

/* Begin PBXTargetDependency section */
		8E97EC641F698C28000BAE13 /* PBXTargetDependency */ = {
			isa = PBXTargetDependency;
			target = 8E97EC4A1F698C28000BAE13 /* UniVent */;
			targetProxy = 8E97EC631F698C28000BAE13 /* PBXContainerItemProxy */;
		};
		8E97EC6F1F698C28000BAE13 /* PBXTargetDependency */ = {
			isa = PBXTargetDependency;
			target = 8E97EC4A1F698C28000BAE13 /* UniVent */;
			targetProxy = 8E97EC6E1F698C28000BAE13 /* PBXContainerItemProxy */;
		};
		8EE86C611FB76AC70014F85D /* PBXTargetDependency */ = {
			isa = PBXTargetDependency;
			target = 8EE86C5A1FB76AC60014F85D /* OneSignalNotificationServiceExtension */;
			targetProxy = 8EE86C601FB76AC70014F85D /* PBXContainerItemProxy */;
		};
/* End PBXTargetDependency section */

/* Begin PBXVariantGroup section */
		8E97EC521F698C28000BAE13 /* Main.storyboard */ = {
			isa = PBXVariantGroup;
			children = (
				8E97EC531F698C28000BAE13 /* Base */,
			);
			name = Main.storyboard;
			sourceTree = "<group>";
		};
		8E97EC5A1F698C28000BAE13 /* LaunchScreen.storyboard */ = {
			isa = PBXVariantGroup;
			children = (
				8E97EC5B1F698C28000BAE13 /* Base */,
			);
			name = LaunchScreen.storyboard;
			sourceTree = "<group>";
		};
/* End PBXVariantGroup section */

/* Begin XCBuildConfiguration section */
		8E97EC741F698C28000BAE13 /* Debug */ = {
			isa = XCBuildConfiguration;
			buildSettings = {
				ALWAYS_SEARCH_USER_PATHS = NO;
				CLANG_ANALYZER_NONNULL = YES;
				CLANG_ANALYZER_NUMBER_OBJECT_CONVERSION = YES_AGGRESSIVE;
				CLANG_CXX_LANGUAGE_STANDARD = "gnu++0x";
				CLANG_CXX_LIBRARY = "libc++";
				CLANG_ENABLE_MODULES = YES;
				CLANG_ENABLE_OBJC_ARC = YES;
				CLANG_WARN_BOOL_CONVERSION = YES;
				CLANG_WARN_CONSTANT_CONVERSION = YES;
				CLANG_WARN_DIRECT_OBJC_ISA_USAGE = YES_ERROR;
				CLANG_WARN_DOCUMENTATION_COMMENTS = YES;
				CLANG_WARN_EMPTY_BODY = YES;
				CLANG_WARN_ENUM_CONVERSION = YES;
				CLANG_WARN_INFINITE_RECURSION = YES;
				CLANG_WARN_INT_CONVERSION = YES;
				CLANG_WARN_OBJC_ROOT_CLASS = YES_ERROR;
				CLANG_WARN_SUSPICIOUS_MOVE = YES;
				CLANG_WARN_UNREACHABLE_CODE = YES;
				CLANG_WARN__DUPLICATE_METHOD_MATCH = YES;
				"CODE_SIGN_IDENTITY[sdk=iphoneos*]" = "iPhone Developer";
				COPY_PHASE_STRIP = NO;
				DEBUG_INFORMATION_FORMAT = dwarf;
				ENABLE_STRICT_OBJC_MSGSEND = YES;
				ENABLE_TESTABILITY = YES;
				GCC_C_LANGUAGE_STANDARD = gnu99;
				GCC_DYNAMIC_NO_PIC = NO;
				GCC_NO_COMMON_BLOCKS = YES;
				GCC_OPTIMIZATION_LEVEL = 0;
				GCC_PREPROCESSOR_DEFINITIONS = (
					"DEBUG=1",
					"$(inherited)",
				);
				GCC_WARN_64_TO_32_BIT_CONVERSION = YES;
				GCC_WARN_ABOUT_RETURN_TYPE = YES_ERROR;
				GCC_WARN_UNDECLARED_SELECTOR = YES;
				GCC_WARN_UNINITIALIZED_AUTOS = YES_AGGRESSIVE;
				GCC_WARN_UNUSED_FUNCTION = YES;
				GCC_WARN_UNUSED_VARIABLE = YES;
				IPHONEOS_DEPLOYMENT_TARGET = 10.3;
				MTL_ENABLE_DEBUG_INFO = YES;
				ONLY_ACTIVE_ARCH = YES;
				SDKROOT = iphoneos;
				SWIFT_ACTIVE_COMPILATION_CONDITIONS = DEBUG;
				SWIFT_OPTIMIZATION_LEVEL = "-Onone";
				TARGETED_DEVICE_FAMILY = "1,2";
			};
			name = Debug;
		};
		8E97EC751F698C28000BAE13 /* Release */ = {
			isa = XCBuildConfiguration;
			buildSettings = {
				ALWAYS_SEARCH_USER_PATHS = NO;
				CLANG_ANALYZER_NONNULL = YES;
				CLANG_ANALYZER_NUMBER_OBJECT_CONVERSION = YES_AGGRESSIVE;
				CLANG_CXX_LANGUAGE_STANDARD = "gnu++0x";
				CLANG_CXX_LIBRARY = "libc++";
				CLANG_ENABLE_MODULES = YES;
				CLANG_ENABLE_OBJC_ARC = YES;
				CLANG_WARN_BOOL_CONVERSION = YES;
				CLANG_WARN_CONSTANT_CONVERSION = YES;
				CLANG_WARN_DIRECT_OBJC_ISA_USAGE = YES_ERROR;
				CLANG_WARN_DOCUMENTATION_COMMENTS = YES;
				CLANG_WARN_EMPTY_BODY = YES;
				CLANG_WARN_ENUM_CONVERSION = YES;
				CLANG_WARN_INFINITE_RECURSION = YES;
				CLANG_WARN_INT_CONVERSION = YES;
				CLANG_WARN_OBJC_ROOT_CLASS = YES_ERROR;
				CLANG_WARN_SUSPICIOUS_MOVE = YES;
				CLANG_WARN_UNREACHABLE_CODE = YES;
				CLANG_WARN__DUPLICATE_METHOD_MATCH = YES;
				"CODE_SIGN_IDENTITY[sdk=iphoneos*]" = "iPhone Developer";
				COPY_PHASE_STRIP = NO;
				DEBUG_INFORMATION_FORMAT = "dwarf-with-dsym";
				ENABLE_NS_ASSERTIONS = NO;
				ENABLE_STRICT_OBJC_MSGSEND = YES;
				GCC_C_LANGUAGE_STANDARD = gnu99;
				GCC_NO_COMMON_BLOCKS = YES;
				GCC_WARN_64_TO_32_BIT_CONVERSION = YES;
				GCC_WARN_ABOUT_RETURN_TYPE = YES_ERROR;
				GCC_WARN_UNDECLARED_SELECTOR = YES;
				GCC_WARN_UNINITIALIZED_AUTOS = YES_AGGRESSIVE;
				GCC_WARN_UNUSED_FUNCTION = YES;
				GCC_WARN_UNUSED_VARIABLE = YES;
				IPHONEOS_DEPLOYMENT_TARGET = 10.3;
				MTL_ENABLE_DEBUG_INFO = NO;
				SDKROOT = iphoneos;
				SWIFT_OPTIMIZATION_LEVEL = "-Owholemodule";
				TARGETED_DEVICE_FAMILY = "1,2";
				VALIDATE_PRODUCT = YES;
			};
			name = Release;
		};
		8E97EC771F698C28000BAE13 /* Debug */ = {
			isa = XCBuildConfiguration;
			baseConfigurationReference = 46395DE0BF48F61A06EDD3DE /* Pods-UniVent.debug.xcconfig */;
			buildSettings = {
				ASSETCATALOG_COMPILER_APPICON_NAME = AppIcon;
				CODE_SIGN_ENTITLEMENTS = UniVent/UniVent.entitlements;
				DEVELOPMENT_TEAM = 743LU673R8;
				INFOPLIST_FILE = UniVent/Info.plist;
				LD_RUNPATH_SEARCH_PATHS = "$(inherited) @executable_path/Frameworks";
				PRODUCT_BUNDLE_IDENTIFIER = UniVentApp.UniVent;
				PRODUCT_NAME = "$(TARGET_NAME)";
				SWIFT_VERSION = 3.0;
				TARGETED_DEVICE_FAMILY = 1;
			};
			name = Debug;
		};
		8E97EC781F698C28000BAE13 /* Release */ = {
			isa = XCBuildConfiguration;
			baseConfigurationReference = FF76CC40A7E83BB814E45C6F /* Pods-UniVent.release.xcconfig */;
			buildSettings = {
				ASSETCATALOG_COMPILER_APPICON_NAME = AppIcon;
				CODE_SIGN_ENTITLEMENTS = UniVent/UniVent.entitlements;
				DEVELOPMENT_TEAM = 743LU673R8;
				INFOPLIST_FILE = UniVent/Info.plist;
				LD_RUNPATH_SEARCH_PATHS = "$(inherited) @executable_path/Frameworks";
				PRODUCT_BUNDLE_IDENTIFIER = UniVentApp.UniVent;
				PRODUCT_NAME = "$(TARGET_NAME)";
				SWIFT_VERSION = 3.0;
				TARGETED_DEVICE_FAMILY = 1;
			};
			name = Release;
		};
		8E97EC7A1F698C28000BAE13 /* Debug */ = {
			isa = XCBuildConfiguration;
			baseConfigurationReference = D9C3737EBFFAF857B4474F34 /* Pods-UniVentTests.debug.xcconfig */;
			buildSettings = {
				ALWAYS_EMBED_SWIFT_STANDARD_LIBRARIES = YES;
				BUNDLE_LOADER = "$(TEST_HOST)";
				DEVELOPMENT_TEAM = 743LU673R8;
				INFOPLIST_FILE = UniVentTests/Info.plist;
				LD_RUNPATH_SEARCH_PATHS = "$(inherited) @executable_path/Frameworks @loader_path/Frameworks";
				PRODUCT_BUNDLE_IDENTIFIER = UniVentApp.UniVentTests;
				PRODUCT_NAME = "$(TARGET_NAME)";
				SWIFT_VERSION = 3.0;
				TEST_HOST = "$(BUILT_PRODUCTS_DIR)/UniVent.app/UniVent";
			};
			name = Debug;
		};
		8E97EC7B1F698C28000BAE13 /* Release */ = {
			isa = XCBuildConfiguration;
			baseConfigurationReference = 497A5AA84B7AF1673A70B6FE /* Pods-UniVentTests.release.xcconfig */;
			buildSettings = {
				ALWAYS_EMBED_SWIFT_STANDARD_LIBRARIES = YES;
				BUNDLE_LOADER = "$(TEST_HOST)";
				DEVELOPMENT_TEAM = 743LU673R8;
				INFOPLIST_FILE = UniVentTests/Info.plist;
				LD_RUNPATH_SEARCH_PATHS = "$(inherited) @executable_path/Frameworks @loader_path/Frameworks";
				PRODUCT_BUNDLE_IDENTIFIER = UniVentApp.UniVentTests;
				PRODUCT_NAME = "$(TARGET_NAME)";
				SWIFT_VERSION = 3.0;
				TEST_HOST = "$(BUILT_PRODUCTS_DIR)/UniVent.app/UniVent";
			};
			name = Release;
		};
		8E97EC7D1F698C28000BAE13 /* Debug */ = {
			isa = XCBuildConfiguration;
			baseConfigurationReference = C6772C5AF98E8C8FD8BFC7E7 /* Pods-UniVentUITests.debug.xcconfig */;
			buildSettings = {
				ALWAYS_EMBED_SWIFT_STANDARD_LIBRARIES = YES;
				DEVELOPMENT_TEAM = 743LU673R8;
				INFOPLIST_FILE = UniVentUITests/Info.plist;
				LD_RUNPATH_SEARCH_PATHS = "$(inherited) @executable_path/Frameworks @loader_path/Frameworks";
				PRODUCT_BUNDLE_IDENTIFIER = UniVentApp.UniVentUITests;
				PRODUCT_NAME = "$(TARGET_NAME)";
				SWIFT_VERSION = 3.0;
				TEST_TARGET_NAME = UniVent;
			};
			name = Debug;
		};
		8E97EC7E1F698C28000BAE13 /* Release */ = {
			isa = XCBuildConfiguration;
			baseConfigurationReference = 7432D61773B512E8FE6FE582 /* Pods-UniVentUITests.release.xcconfig */;
			buildSettings = {
				ALWAYS_EMBED_SWIFT_STANDARD_LIBRARIES = YES;
				DEVELOPMENT_TEAM = 743LU673R8;
				INFOPLIST_FILE = UniVentUITests/Info.plist;
				LD_RUNPATH_SEARCH_PATHS = "$(inherited) @executable_path/Frameworks @loader_path/Frameworks";
				PRODUCT_BUNDLE_IDENTIFIER = UniVentApp.UniVentUITests;
				PRODUCT_NAME = "$(TARGET_NAME)";
				SWIFT_VERSION = 3.0;
				TEST_TARGET_NAME = UniVent;
			};
			name = Release;
		};
		8EE86C641FB76AC70014F85D /* Debug */ = {
			isa = XCBuildConfiguration;
			buildSettings = {
				DEVELOPMENT_TEAM = 743LU673R8;
				INFOPLIST_FILE = OneSignalNotificationServiceExtension/Info.plist;
				LD_RUNPATH_SEARCH_PATHS = "$(inherited) @executable_path/Frameworks @executable_path/../../Frameworks";
				PRODUCT_BUNDLE_IDENTIFIER = UniVentApp.UniVent.OneSignalNotificationServiceExtension;
				PRODUCT_NAME = "$(TARGET_NAME)";
				SKIP_INSTALL = YES;
				SWIFT_VERSION = 3.0;
			};
			name = Debug;
		};
		8EE86C651FB76AC70014F85D /* Release */ = {
			isa = XCBuildConfiguration;
			buildSettings = {
				DEVELOPMENT_TEAM = 743LU673R8;
				INFOPLIST_FILE = OneSignalNotificationServiceExtension/Info.plist;
				LD_RUNPATH_SEARCH_PATHS = "$(inherited) @executable_path/Frameworks @executable_path/../../Frameworks";
				PRODUCT_BUNDLE_IDENTIFIER = UniVentApp.UniVent.OneSignalNotificationServiceExtension;
				PRODUCT_NAME = "$(TARGET_NAME)";
				SKIP_INSTALL = YES;
				SWIFT_VERSION = 3.0;
			};
			name = Release;
		};
/* End XCBuildConfiguration section */

/* Begin XCConfigurationList section */
		8E97EC461F698C28000BAE13 /* Build configuration list for PBXProject "UniVent" */ = {
			isa = XCConfigurationList;
			buildConfigurations = (
				8E97EC741F698C28000BAE13 /* Debug */,
				8E97EC751F698C28000BAE13 /* Release */,
			);
			defaultConfigurationIsVisible = 0;
			defaultConfigurationName = Release;
		};
		8E97EC761F698C28000BAE13 /* Build configuration list for PBXNativeTarget "UniVent" */ = {
			isa = XCConfigurationList;
			buildConfigurations = (
				8E97EC771F698C28000BAE13 /* Debug */,
				8E97EC781F698C28000BAE13 /* Release */,
			);
			defaultConfigurationIsVisible = 0;
			defaultConfigurationName = Release;
		};
		8E97EC791F698C28000BAE13 /* Build configuration list for PBXNativeTarget "UniVentTests" */ = {
			isa = XCConfigurationList;
			buildConfigurations = (
				8E97EC7A1F698C28000BAE13 /* Debug */,
				8E97EC7B1F698C28000BAE13 /* Release */,
			);
			defaultConfigurationIsVisible = 0;
			defaultConfigurationName = Release;
		};
		8E97EC7C1F698C28000BAE13 /* Build configuration list for PBXNativeTarget "UniVentUITests" */ = {
			isa = XCConfigurationList;
			buildConfigurations = (
				8E97EC7D1F698C28000BAE13 /* Debug */,
				8E97EC7E1F698C28000BAE13 /* Release */,
			);
			defaultConfigurationIsVisible = 0;
			defaultConfigurationName = Release;
		};
		8EE86C631FB76AC70014F85D /* Build configuration list for PBXNativeTarget "OneSignalNotificationServiceExtension" */ = {
			isa = XCConfigurationList;
			buildConfigurations = (
				8EE86C641FB76AC70014F85D /* Debug */,
				8EE86C651FB76AC70014F85D /* Release */,
			);
			defaultConfigurationIsVisible = 0;
			defaultConfigurationName = Release;
		};
/* End XCConfigurationList section */

/* Begin XCVersionGroup section */
		8E97EC551F698C28000BAE13 /* UniVent.xcdatamodeld */ = {
			isa = XCVersionGroup;
			children = (
				8E97EC561F698C28000BAE13 /* UniVent.xcdatamodel */,
			);
			currentVersion = 8E97EC561F698C28000BAE13 /* UniVent.xcdatamodel */;
			path = UniVent.xcdatamodeld;
			sourceTree = "<group>";
			versionGroupType = wrapper.xcdatamodel;
		};
/* End XCVersionGroup section */
	};
	rootObject = 8E97EC431F698C28000BAE13 /* Project object */;
}
