// !$*UTF8*$!
{
	archiveVersion = 1;
	classes = {
	};
	objectVersion = 48;
	objects = {

/* Begin PBXBuildFile section */
		7B0B6B031F86EBA70007886B /* EventSorter.swift in Sources */ = {isa = PBXBuildFile; fileRef = 7B0B6B021F86EBA70007886B /* EventSorter.swift */; };
		7B0B6B081F87399E0007886B /* DbToApp.swift in Sources */ = {isa = PBXBuildFile; fileRef = 7B0B6B041F87399E0007886B /* DbToApp.swift */; };
		7B0B6B0A1F87399E0007886B /* AppToDb.swift in Sources */ = {isa = PBXBuildFile; fileRef = 7B0B6B061F87399E0007886B /* AppToDb.swift */; };
		7B372A661F85C659008F96A5 /* DataManager.swift in Sources */ = {isa = PBXBuildFile; fileRef = 7B372A651F85C659008F96A5 /* DataManager.swift */; };
		7B372A6A1F85CFD0008F96A5 /* PersistEvent.swift in Sources */ = {isa = PBXBuildFile; fileRef = 7B372A691F85CFD0008F96A5 /* PersistEvent.swift */; };
		7B372A6C1F85D405008F96A5 /* PersistUser.swift in Sources */ = {isa = PBXBuildFile; fileRef = 7B372A6B1F85D405008F96A5 /* PersistUser.swift */; };
		7B48BD4D1F847EE700DA3A2E /* TimeInfo.swift in Sources */ = {isa = PBXBuildFile; fileRef = 7B48BD451F847EE600DA3A2E /* TimeInfo.swift */; };
		7B48BD4E1F847EE700DA3A2E /* StatInfo.swift in Sources */ = {isa = PBXBuildFile; fileRef = 7B48BD461F847EE600DA3A2E /* StatInfo.swift */; };
		7B48BD4F1F847EE700DA3A2E /* Interest.swift in Sources */ = {isa = PBXBuildFile; fileRef = 7B48BD471F847EE600DA3A2E /* Interest.swift */; };
		7B48BD501F847EE700DA3A2E /* EventType.swift in Sources */ = {isa = PBXBuildFile; fileRef = 7B48BD481F847EE700DA3A2E /* EventType.swift */; };
		7B48BD511F847EE700DA3A2E /* Event.swift in Sources */ = {isa = PBXBuildFile; fileRef = 7B48BD491F847EE700DA3A2E /* Event.swift */; };
		7B48BD521F847EE700DA3A2E /* LocInfo.swift in Sources */ = {isa = PBXBuildFile; fileRef = 7B48BD4A1F847EE700DA3A2E /* LocInfo.swift */; };
		7B48BD531F847EE700DA3A2E /* Model.swift in Sources */ = {isa = PBXBuildFile; fileRef = 7B48BD4B1F847EE700DA3A2E /* Model.swift */; };
		7B48BD541F847EE700DA3A2E /* GenInfo.swift in Sources */ = {isa = PBXBuildFile; fileRef = 7B48BD4C1F847EE700DA3A2E /* GenInfo.swift */; };
		7B48BD581F847F0E00DA3A2E /* User.swift in Sources */ = {isa = PBXBuildFile; fileRef = 7B48BD551F847F0D00DA3A2E /* User.swift */; };
		7B48BD591F847F0E00DA3A2E /* UserHistory.swift in Sources */ = {isa = PBXBuildFile; fileRef = 7B48BD561F847F0E00DA3A2E /* UserHistory.swift */; };
		7B48BD5A1F847F0E00DA3A2E /* UserPersonal.swift in Sources */ = {isa = PBXBuildFile; fileRef = 7B48BD571F847F0E00DA3A2E /* UserPersonal.swift */; };
		7BF8281C1F847DC500657A96 /* AppDelegate.swift in Sources */ = {isa = PBXBuildFile; fileRef = 7BF8281B1F847DC500657A96 /* AppDelegate.swift */; };
		7BF8281E1F847DC500657A96 /* ViewController.swift in Sources */ = {isa = PBXBuildFile; fileRef = 7BF8281D1F847DC500657A96 /* ViewController.swift */; };
		7BF828211F847DC500657A96 /* Main.storyboard in Resources */ = {isa = PBXBuildFile; fileRef = 7BF8281F1F847DC500657A96 /* Main.storyboard */; };
		7BF828241F847DC500657A96 /* UniVent_Middle.xcdatamodeld in Sources */ = {isa = PBXBuildFile; fileRef = 7BF828221F847DC500657A96 /* UniVent_Middle.xcdatamodeld */; };
		7BF828261F847DC500657A96 /* Assets.xcassets in Resources */ = {isa = PBXBuildFile; fileRef = 7BF828251F847DC500657A96 /* Assets.xcassets */; };
		7BF828291F847DC500657A96 /* LaunchScreen.storyboard in Resources */ = {isa = PBXBuildFile; fileRef = 7BF828271F847DC500657A96 /* LaunchScreen.storyboard */; };
		7BF828341F847DC500657A96 /* UniVent_MiddleTests.swift in Sources */ = {isa = PBXBuildFile; fileRef = 7BF828331F847DC500657A96 /* UniVent_MiddleTests.swift */; };
		7BF8283F1F847DC500657A96 /* UniVent_MiddleUITests.swift in Sources */ = {isa = PBXBuildFile; fileRef = 7BF8283E1F847DC500657A96 /* UniVent_MiddleUITests.swift */; };
/* End PBXBuildFile section */

/* Begin PBXContainerItemProxy section */
		7BF828301F847DC500657A96 /* PBXContainerItemProxy */ = {
			isa = PBXContainerItemProxy;
			containerPortal = 7BF828101F847DC400657A96 /* Project object */;
			proxyType = 1;
			remoteGlobalIDString = 7BF828171F847DC500657A96;
			remoteInfo = "UniVent Middle";
		};
		7BF8283B1F847DC500657A96 /* PBXContainerItemProxy */ = {
			isa = PBXContainerItemProxy;
			containerPortal = 7BF828101F847DC400657A96 /* Project object */;
			proxyType = 1;
			remoteGlobalIDString = 7BF828171F847DC500657A96;
			remoteInfo = "UniVent Middle";
		};
/* End PBXContainerItemProxy section */

/* Begin PBXFileReference section */
		7B0B6B021F86EBA70007886B /* EventSorter.swift */ = {isa = PBXFileReference; lastKnownFileType = sourcecode.swift; path = EventSorter.swift; sourceTree = "<group>"; };
		7B0B6B041F87399E0007886B /* DbToApp.swift */ = {isa = PBXFileReference; fileEncoding = 4; lastKnownFileType = sourcecode.swift; path = DbToApp.swift; sourceTree = "<group>"; };
		7B0B6B061F87399E0007886B /* AppToDb.swift */ = {isa = PBXFileReference; fileEncoding = 4; lastKnownFileType = sourcecode.swift; path = AppToDb.swift; sourceTree = "<group>"; };
		7B372A651F85C659008F96A5 /* DataManager.swift */ = {isa = PBXFileReference; lastKnownFileType = sourcecode.swift; path = DataManager.swift; sourceTree = "<group>"; };
		7B372A691F85CFD0008F96A5 /* PersistEvent.swift */ = {isa = PBXFileReference; lastKnownFileType = sourcecode.swift; path = PersistEvent.swift; sourceTree = "<group>"; };
		7B372A6B1F85D405008F96A5 /* PersistUser.swift */ = {isa = PBXFileReference; lastKnownFileType = sourcecode.swift; path = PersistUser.swift; sourceTree = "<group>"; };
		7B48BD451F847EE600DA3A2E /* TimeInfo.swift */ = {isa = PBXFileReference; fileEncoding = 4; lastKnownFileType = sourcecode.swift; path = TimeInfo.swift; sourceTree = "<group>"; };
		7B48BD461F847EE600DA3A2E /* StatInfo.swift */ = {isa = PBXFileReference; fileEncoding = 4; lastKnownFileType = sourcecode.swift; path = StatInfo.swift; sourceTree = "<group>"; };
		7B48BD471F847EE600DA3A2E /* Interest.swift */ = {isa = PBXFileReference; fileEncoding = 4; lastKnownFileType = sourcecode.swift; path = Interest.swift; sourceTree = "<group>"; };
		7B48BD481F847EE700DA3A2E /* EventType.swift */ = {isa = PBXFileReference; fileEncoding = 4; lastKnownFileType = sourcecode.swift; path = EventType.swift; sourceTree = "<group>"; };
		7B48BD491F847EE700DA3A2E /* Event.swift */ = {isa = PBXFileReference; fileEncoding = 4; lastKnownFileType = sourcecode.swift; path = Event.swift; sourceTree = "<group>"; };
		7B48BD4A1F847EE700DA3A2E /* LocInfo.swift */ = {isa = PBXFileReference; fileEncoding = 4; lastKnownFileType = sourcecode.swift; path = LocInfo.swift; sourceTree = "<group>"; };
		7B48BD4B1F847EE700DA3A2E /* Model.swift */ = {isa = PBXFileReference; fileEncoding = 4; lastKnownFileType = sourcecode.swift; path = Model.swift; sourceTree = "<group>"; };
		7B48BD4C1F847EE700DA3A2E /* GenInfo.swift */ = {isa = PBXFileReference; fileEncoding = 4; lastKnownFileType = sourcecode.swift; path = GenInfo.swift; sourceTree = "<group>"; };
		7B48BD551F847F0D00DA3A2E /* User.swift */ = {isa = PBXFileReference; fileEncoding = 4; lastKnownFileType = sourcecode.swift; path = User.swift; sourceTree = "<group>"; };
		7B48BD561F847F0E00DA3A2E /* UserHistory.swift */ = {isa = PBXFileReference; fileEncoding = 4; lastKnownFileType = sourcecode.swift; path = UserHistory.swift; sourceTree = "<group>"; };
		7B48BD571F847F0E00DA3A2E /* UserPersonal.swift */ = {isa = PBXFileReference; fileEncoding = 4; lastKnownFileType = sourcecode.swift; path = UserPersonal.swift; sourceTree = "<group>"; };
		7BF828181F847DC500657A96 /* UniVent Middle.app */ = {isa = PBXFileReference; explicitFileType = wrapper.application; includeInIndex = 0; path = "UniVent Middle.app"; sourceTree = BUILT_PRODUCTS_DIR; };
		7BF8281B1F847DC500657A96 /* AppDelegate.swift */ = {isa = PBXFileReference; lastKnownFileType = sourcecode.swift; path = AppDelegate.swift; sourceTree = "<group>"; };
		7BF8281D1F847DC500657A96 /* ViewController.swift */ = {isa = PBXFileReference; lastKnownFileType = sourcecode.swift; path = ViewController.swift; sourceTree = "<group>"; };
		7BF828201F847DC500657A96 /* Base */ = {isa = PBXFileReference; lastKnownFileType = file.storyboard; name = Base; path = Base.lproj/Main.storyboard; sourceTree = "<group>"; };
		7BF828231F847DC500657A96 /* UniVent_Middle.xcdatamodel */ = {isa = PBXFileReference; lastKnownFileType = wrapper.xcdatamodel; path = UniVent_Middle.xcdatamodel; sourceTree = "<group>"; };
		7BF828251F847DC500657A96 /* Assets.xcassets */ = {isa = PBXFileReference; lastKnownFileType = folder.assetcatalog; path = Assets.xcassets; sourceTree = "<group>"; };
		7BF828281F847DC500657A96 /* Base */ = {isa = PBXFileReference; lastKnownFileType = file.storyboard; name = Base; path = Base.lproj/LaunchScreen.storyboard; sourceTree = "<group>"; };
		7BF8282A1F847DC500657A96 /* Info.plist */ = {isa = PBXFileReference; lastKnownFileType = text.plist.xml; path = Info.plist; sourceTree = "<group>"; };
		7BF8282F1F847DC500657A96 /* UniVent MiddleTests.xctest */ = {isa = PBXFileReference; explicitFileType = wrapper.cfbundle; includeInIndex = 0; path = "UniVent MiddleTests.xctest"; sourceTree = BUILT_PRODUCTS_DIR; };
		7BF828331F847DC500657A96 /* UniVent_MiddleTests.swift */ = {isa = PBXFileReference; lastKnownFileType = sourcecode.swift; path = UniVent_MiddleTests.swift; sourceTree = "<group>"; };
		7BF828351F847DC500657A96 /* Info.plist */ = {isa = PBXFileReference; lastKnownFileType = text.plist.xml; path = Info.plist; sourceTree = "<group>"; };
		7BF8283A1F847DC500657A96 /* UniVent MiddleUITests.xctest */ = {isa = PBXFileReference; explicitFileType = wrapper.cfbundle; includeInIndex = 0; path = "UniVent MiddleUITests.xctest"; sourceTree = BUILT_PRODUCTS_DIR; };
		7BF8283E1F847DC500657A96 /* UniVent_MiddleUITests.swift */ = {isa = PBXFileReference; lastKnownFileType = sourcecode.swift; path = UniVent_MiddleUITests.swift; sourceTree = "<group>"; };
		7BF828401F847DC500657A96 /* Info.plist */ = {isa = PBXFileReference; lastKnownFileType = text.plist.xml; path = Info.plist; sourceTree = "<group>"; };
/* End PBXFileReference section */

/* Begin PBXFrameworksBuildPhase section */
		7BF828151F847DC500657A96 /* Frameworks */ = {
			isa = PBXFrameworksBuildPhase;
			buildActionMask = 2147483647;
			files = (
			);
			runOnlyForDeploymentPostprocessing = 0;
		};
		7BF8282C1F847DC500657A96 /* Frameworks */ = {
			isa = PBXFrameworksBuildPhase;
			buildActionMask = 2147483647;
			files = (
			);
			runOnlyForDeploymentPostprocessing = 0;
		};
		7BF828371F847DC500657A96 /* Frameworks */ = {
			isa = PBXFrameworksBuildPhase;
			buildActionMask = 2147483647;
			files = (
			);
			runOnlyForDeploymentPostprocessing = 0;
		};
/* End PBXFrameworksBuildPhase section */

/* Begin PBXGroup section */
		7BF8280F1F847DC400657A96 = {
			isa = PBXGroup;
			children = (
				7BF8281A1F847DC500657A96 /* UniVent Middle */,
				7BF828321F847DC500657A96 /* UniVent MiddleTests */,
				7BF8283D1F847DC500657A96 /* UniVent MiddleUITests */,
				7BF828191F847DC500657A96 /* Products */,
			);
			sourceTree = "<group>";
		};
		7BF828191F847DC500657A96 /* Products */ = {
			isa = PBXGroup;
			children = (
				7BF828181F847DC500657A96 /* UniVent Middle.app */,
				7BF8282F1F847DC500657A96 /* UniVent MiddleTests.xctest */,
				7BF8283A1F847DC500657A96 /* UniVent MiddleUITests.xctest */,
			);
			name = Products;
			sourceTree = "<group>";
		};
		7BF8281A1F847DC500657A96 /* UniVent Middle */ = {
			isa = PBXGroup;
			children = (
				7B0B6B061F87399E0007886B /* AppToDb.swift */,
				7B0B6B041F87399E0007886B /* DbToApp.swift */,
				7BF8282A1F847DC500657A96 /* Info.plist */,
				7BF8281B1F847DC500657A96 /* AppDelegate.swift */,
				7B48BD491F847EE700DA3A2E /* Event.swift */,
				7B48BD481F847EE700DA3A2E /* EventType.swift */,
				7B48BD4C1F847EE700DA3A2E /* GenInfo.swift */,
				7B48BD471F847EE600DA3A2E /* Interest.swift */,
				7B48BD4A1F847EE700DA3A2E /* LocInfo.swift */,
				7B48BD451F847EE600DA3A2E /* TimeInfo.swift */,
				7B48BD4B1F847EE700DA3A2E /* Model.swift */,
				7B48BD461F847EE600DA3A2E /* StatInfo.swift */,
				7B48BD551F847F0D00DA3A2E /* User.swift */,
				7B48BD561F847F0E00DA3A2E /* UserHistory.swift */,
				7B48BD571F847F0E00DA3A2E /* UserPersonal.swift */,
				7BF8281D1F847DC500657A96 /* ViewController.swift */,
				7BF828251F847DC500657A96 /* Assets.xcassets */,
				7BF828271F847DC500657A96 /* LaunchScreen.storyboard */,
				7BF8281F1F847DC500657A96 /* Main.storyboard */,
				7BF828221F847DC500657A96 /* UniVent_Middle.xcdatamodeld */,
				7B372A651F85C659008F96A5 /* DataManager.swift */,
				7B372A691F85CFD0008F96A5 /* PersistEvent.swift */,
				7B372A6B1F85D405008F96A5 /* PersistUser.swift */,
				7B0B6B021F86EBA70007886B /* EventSorter.swift */,
			);
			path = "UniVent Middle";
			sourceTree = "<group>";
		};
		7BF828321F847DC500657A96 /* UniVent MiddleTests */ = {
			isa = PBXGroup;
			children = (
				7BF828331F847DC500657A96 /* UniVent_MiddleTests.swift */,
				7BF828351F847DC500657A96 /* Info.plist */,
			);
			path = "UniVent MiddleTests";
			sourceTree = "<group>";
		};
		7BF8283D1F847DC500657A96 /* UniVent MiddleUITests */ = {
			isa = PBXGroup;
			children = (
				7BF8283E1F847DC500657A96 /* UniVent_MiddleUITests.swift */,
				7BF828401F847DC500657A96 /* Info.plist */,
			);
			path = "UniVent MiddleUITests";
			sourceTree = "<group>";
		};
/* End PBXGroup section */

/* Begin PBXNativeTarget section */
		7BF828171F847DC500657A96 /* UniVent Middle */ = {
			isa = PBXNativeTarget;
			buildConfigurationList = 7BF828431F847DC500657A96 /* Build configuration list for PBXNativeTarget "UniVent Middle" */;
			buildPhases = (
				7BF828141F847DC500657A96 /* Sources */,
				7BF828151F847DC500657A96 /* Frameworks */,
				7BF828161F847DC500657A96 /* Resources */,
			);
			buildRules = (
			);
			dependencies = (
			);
			name = "UniVent Middle";
			productName = "UniVent Middle";
			productReference = 7BF828181F847DC500657A96 /* UniVent Middle.app */;
			productType = "com.apple.product-type.application";
		};
		7BF8282E1F847DC500657A96 /* UniVent MiddleTests */ = {
			isa = PBXNativeTarget;
			buildConfigurationList = 7BF828461F847DC500657A96 /* Build configuration list for PBXNativeTarget "UniVent MiddleTests" */;
			buildPhases = (
				7BF8282B1F847DC500657A96 /* Sources */,
				7BF8282C1F847DC500657A96 /* Frameworks */,
				7BF8282D1F847DC500657A96 /* Resources */,
			);
			buildRules = (
			);
			dependencies = (
				7BF828311F847DC500657A96 /* PBXTargetDependency */,
			);
			name = "UniVent MiddleTests";
			productName = "UniVent MiddleTests";
			productReference = 7BF8282F1F847DC500657A96 /* UniVent MiddleTests.xctest */;
			productType = "com.apple.product-type.bundle.unit-test";
		};
		7BF828391F847DC500657A96 /* UniVent MiddleUITests */ = {
			isa = PBXNativeTarget;
			buildConfigurationList = 7BF828491F847DC500657A96 /* Build configuration list for PBXNativeTarget "UniVent MiddleUITests" */;
			buildPhases = (
				7BF828361F847DC500657A96 /* Sources */,
				7BF828371F847DC500657A96 /* Frameworks */,
				7BF828381F847DC500657A96 /* Resources */,
			);
			buildRules = (
			);
			dependencies = (
				7BF8283C1F847DC500657A96 /* PBXTargetDependency */,
			);
			name = "UniVent MiddleUITests";
			productName = "UniVent MiddleUITests";
			productReference = 7BF8283A1F847DC500657A96 /* UniVent MiddleUITests.xctest */;
			productType = "com.apple.product-type.bundle.ui-testing";
		};
/* End PBXNativeTarget section */

/* Begin PBXProject section */
		7BF828101F847DC400657A96 /* Project object */ = {
			isa = PBXProject;
			attributes = {
				LastSwiftUpdateCheck = 0900;
				LastUpgradeCheck = 0900;
				ORGANIZATIONNAME = CSUser;
				TargetAttributes = {
					7BF828171F847DC500657A96 = {
						CreatedOnToolsVersion = 9.0;
						ProvisioningStyle = Automatic;
					};
					7BF8282E1F847DC500657A96 = {
						CreatedOnToolsVersion = 9.0;
						ProvisioningStyle = Automatic;
						TestTargetID = 7BF828171F847DC500657A96;
					};
					7BF828391F847DC500657A96 = {
						CreatedOnToolsVersion = 9.0;
						ProvisioningStyle = Automatic;
						TestTargetID = 7BF828171F847DC500657A96;
					};
				};
			};
			buildConfigurationList = 7BF828131F847DC400657A96 /* Build configuration list for PBXProject "UniVent Middle" */;
			compatibilityVersion = "Xcode 8.0";
			developmentRegion = en;
			hasScannedForEncodings = 0;
			knownRegions = (
				en,
				Base,
			);
			mainGroup = 7BF8280F1F847DC400657A96;
			productRefGroup = 7BF828191F847DC500657A96 /* Products */;
			projectDirPath = "";
			projectRoot = "";
			targets = (
				7BF828171F847DC500657A96 /* UniVent Middle */,
				7BF8282E1F847DC500657A96 /* UniVent MiddleTests */,
				7BF828391F847DC500657A96 /* UniVent MiddleUITests */,
			);
		};
/* End PBXProject section */

/* Begin PBXResourcesBuildPhase section */
		7BF828161F847DC500657A96 /* Resources */ = {
			isa = PBXResourcesBuildPhase;
			buildActionMask = 2147483647;
			files = (
				7BF828291F847DC500657A96 /* LaunchScreen.storyboard in Resources */,
				7BF828261F847DC500657A96 /* Assets.xcassets in Resources */,
				7BF828211F847DC500657A96 /* Main.storyboard in Resources */,
			);
			runOnlyForDeploymentPostprocessing = 0;
		};
		7BF8282D1F847DC500657A96 /* Resources */ = {
			isa = PBXResourcesBuildPhase;
			buildActionMask = 2147483647;
			files = (
			);
			runOnlyForDeploymentPostprocessing = 0;
		};
		7BF828381F847DC500657A96 /* Resources */ = {
			isa = PBXResourcesBuildPhase;
			buildActionMask = 2147483647;
			files = (
			);
			runOnlyForDeploymentPostprocessing = 0;
		};
/* End PBXResourcesBuildPhase section */

/* Begin PBXSourcesBuildPhase section */
		7BF828141F847DC500657A96 /* Sources */ = {
			isa = PBXSourcesBuildPhase;
			buildActionMask = 2147483647;
			files = (
				7B372A6C1F85D405008F96A5 /* PersistUser.swift in Sources */,
				7B0B6B081F87399E0007886B /* DbToApp.swift in Sources */,
				7B372A661F85C659008F96A5 /* DataManager.swift in Sources */,
				7B48BD511F847EE700DA3A2E /* Event.swift in Sources */,
				7B48BD501F847EE700DA3A2E /* EventType.swift in Sources */,
				7B0B6B0A1F87399E0007886B /* AppToDb.swift in Sources */,
				7B48BD521F847EE700DA3A2E /* LocInfo.swift in Sources */,
				7B48BD4D1F847EE700DA3A2E /* TimeInfo.swift in Sources */,
				7BF828241F847DC500657A96 /* UniVent_Middle.xcdatamodeld in Sources */,
				7B0B6B031F86EBA70007886B /* EventSorter.swift in Sources */,
				7B48BD531F847EE700DA3A2E /* Model.swift in Sources */,
				7B48BD5A1F847F0E00DA3A2E /* UserPersonal.swift in Sources */,
				7B48BD541F847EE700DA3A2E /* GenInfo.swift in Sources */,
				7BF8281E1F847DC500657A96 /* ViewController.swift in Sources */,
				7B48BD591F847F0E00DA3A2E /* UserHistory.swift in Sources */,
				7B48BD581F847F0E00DA3A2E /* User.swift in Sources */,
				7B48BD4F1F847EE700DA3A2E /* Interest.swift in Sources */,
				7B48BD4E1F847EE700DA3A2E /* StatInfo.swift in Sources */,
				7B372A6A1F85CFD0008F96A5 /* PersistEvent.swift in Sources */,
				7BF8281C1F847DC500657A96 /* AppDelegate.swift in Sources */,
			);
			runOnlyForDeploymentPostprocessing = 0;
		};
		7BF8282B1F847DC500657A96 /* Sources */ = {
			isa = PBXSourcesBuildPhase;
			buildActionMask = 2147483647;
			files = (
				7BF828341F847DC500657A96 /* UniVent_MiddleTests.swift in Sources */,
			);
			runOnlyForDeploymentPostprocessing = 0;
		};
		7BF828361F847DC500657A96 /* Sources */ = {
			isa = PBXSourcesBuildPhase;
			buildActionMask = 2147483647;
			files = (
				7BF8283F1F847DC500657A96 /* UniVent_MiddleUITests.swift in Sources */,
			);
			runOnlyForDeploymentPostprocessing = 0;
		};
/* End PBXSourcesBuildPhase section */

/* Begin PBXTargetDependency section */
		7BF828311F847DC500657A96 /* PBXTargetDependency */ = {
			isa = PBXTargetDependency;
			target = 7BF828171F847DC500657A96 /* UniVent Middle */;
			targetProxy = 7BF828301F847DC500657A96 /* PBXContainerItemProxy */;
		};
		7BF8283C1F847DC500657A96 /* PBXTargetDependency */ = {
			isa = PBXTargetDependency;
			target = 7BF828171F847DC500657A96 /* UniVent Middle */;
			targetProxy = 7BF8283B1F847DC500657A96 /* PBXContainerItemProxy */;
		};
/* End PBXTargetDependency section */

/* Begin PBXVariantGroup section */
		7BF8281F1F847DC500657A96 /* Main.storyboard */ = {
			isa = PBXVariantGroup;
			children = (
				7BF828201F847DC500657A96 /* Base */,
			);
			name = Main.storyboard;
			sourceTree = "<group>";
		};
		7BF828271F847DC500657A96 /* LaunchScreen.storyboard */ = {
			isa = PBXVariantGroup;
			children = (
				7BF828281F847DC500657A96 /* Base */,
			);
			name = LaunchScreen.storyboard;
			sourceTree = "<group>";
		};
/* End PBXVariantGroup section */

/* Begin XCBuildConfiguration section */
		7BF828411F847DC500657A96 /* Debug */ = {
			isa = XCBuildConfiguration;
			buildSettings = {
				ALWAYS_SEARCH_USER_PATHS = NO;
				CLANG_ANALYZER_NONNULL = YES;
				CLANG_ANALYZER_NUMBER_OBJECT_CONVERSION = YES_AGGRESSIVE;
				CLANG_CXX_LANGUAGE_STANDARD = "gnu++14";
				CLANG_CXX_LIBRARY = "libc++";
				CLANG_ENABLE_MODULES = YES;
				CLANG_ENABLE_OBJC_ARC = YES;
				CLANG_WARN_BLOCK_CAPTURE_AUTORELEASING = YES;
				CLANG_WARN_BOOL_CONVERSION = YES;
				CLANG_WARN_COMMA = YES;
				CLANG_WARN_CONSTANT_CONVERSION = YES;
				CLANG_WARN_DIRECT_OBJC_ISA_USAGE = YES_ERROR;
				CLANG_WARN_DOCUMENTATION_COMMENTS = YES;
				CLANG_WARN_EMPTY_BODY = YES;
				CLANG_WARN_ENUM_CONVERSION = YES;
				CLANG_WARN_INFINITE_RECURSION = YES;
				CLANG_WARN_INT_CONVERSION = YES;
				CLANG_WARN_NON_LITERAL_NULL_CONVERSION = YES;
				CLANG_WARN_OBJC_LITERAL_CONVERSION = YES;
				CLANG_WARN_OBJC_ROOT_CLASS = YES_ERROR;
				CLANG_WARN_RANGE_LOOP_ANALYSIS = YES;
				CLANG_WARN_STRICT_PROTOTYPES = YES;
				CLANG_WARN_SUSPICIOUS_MOVE = YES;
				CLANG_WARN_UNGUARDED_AVAILABILITY = YES_AGGRESSIVE;
				CLANG_WARN_UNREACHABLE_CODE = YES;
				CLANG_WARN__DUPLICATE_METHOD_MATCH = YES;
				CODE_SIGN_IDENTITY = "iPhone Developer";
				COPY_PHASE_STRIP = NO;
				DEBUG_INFORMATION_FORMAT = dwarf;
				ENABLE_STRICT_OBJC_MSGSEND = YES;
				ENABLE_TESTABILITY = YES;
				GCC_C_LANGUAGE_STANDARD = gnu11;
				GCC_DYNAMIC_NO_PIC = NO;
				GCC_NO_COMMON_BLOCKS = YES;
				GCC_OPTIMIZATION_LEVEL = 0;
				GCC_PREPROCESSOR_DEFINITIONS = (
					"DEBUG=1",
					"$(inherited)",
				);
				GCC_WARN_64_TO_32_BIT_CONVERSION = YES;
				GCC_WARN_ABOUT_RETURN_TYPE = YES_ERROR;
				GCC_WARN_UNDECLARED_SELECTOR = YES;
				GCC_WARN_UNINITIALIZED_AUTOS = YES_AGGRESSIVE;
				GCC_WARN_UNUSED_FUNCTION = YES;
				GCC_WARN_UNUSED_VARIABLE = YES;
				IPHONEOS_DEPLOYMENT_TARGET = 11.0;
				MTL_ENABLE_DEBUG_INFO = YES;
				ONLY_ACTIVE_ARCH = YES;
				SDKROOT = iphoneos;
				SWIFT_ACTIVE_COMPILATION_CONDITIONS = DEBUG;
				SWIFT_OPTIMIZATION_LEVEL = "-Onone";
			};
			name = Debug;
		};
		7BF828421F847DC500657A96 /* Release */ = {
			isa = XCBuildConfiguration;
			buildSettings = {
				ALWAYS_SEARCH_USER_PATHS = NO;
				CLANG_ANALYZER_NONNULL = YES;
				CLANG_ANALYZER_NUMBER_OBJECT_CONVERSION = YES_AGGRESSIVE;
				CLANG_CXX_LANGUAGE_STANDARD = "gnu++14";
				CLANG_CXX_LIBRARY = "libc++";
				CLANG_ENABLE_MODULES = YES;
				CLANG_ENABLE_OBJC_ARC = YES;
				CLANG_WARN_BLOCK_CAPTURE_AUTORELEASING = YES;
				CLANG_WARN_BOOL_CONVERSION = YES;
				CLANG_WARN_COMMA = YES;
				CLANG_WARN_CONSTANT_CONVERSION = YES;
				CLANG_WARN_DIRECT_OBJC_ISA_USAGE = YES_ERROR;
				CLANG_WARN_DOCUMENTATION_COMMENTS = YES;
				CLANG_WARN_EMPTY_BODY = YES;
				CLANG_WARN_ENUM_CONVERSION = YES;
				CLANG_WARN_INFINITE_RECURSION = YES;
				CLANG_WARN_INT_CONVERSION = YES;
				CLANG_WARN_NON_LITERAL_NULL_CONVERSION = YES;
				CLANG_WARN_OBJC_LITERAL_CONVERSION = YES;
				CLANG_WARN_OBJC_ROOT_CLASS = YES_ERROR;
				CLANG_WARN_RANGE_LOOP_ANALYSIS = YES;
				CLANG_WARN_STRICT_PROTOTYPES = YES;
				CLANG_WARN_SUSPICIOUS_MOVE = YES;
				CLANG_WARN_UNGUARDED_AVAILABILITY = YES_AGGRESSIVE;
				CLANG_WARN_UNREACHABLE_CODE = YES;
				CLANG_WARN__DUPLICATE_METHOD_MATCH = YES;
				CODE_SIGN_IDENTITY = "iPhone Developer";
				COPY_PHASE_STRIP = NO;
				DEBUG_INFORMATION_FORMAT = "dwarf-with-dsym";
				ENABLE_NS_ASSERTIONS = NO;
				ENABLE_STRICT_OBJC_MSGSEND = YES;
				GCC_C_LANGUAGE_STANDARD = gnu11;
				GCC_NO_COMMON_BLOCKS = YES;
				GCC_WARN_64_TO_32_BIT_CONVERSION = YES;
				GCC_WARN_ABOUT_RETURN_TYPE = YES_ERROR;
				GCC_WARN_UNDECLARED_SELECTOR = YES;
				GCC_WARN_UNINITIALIZED_AUTOS = YES_AGGRESSIVE;
				GCC_WARN_UNUSED_FUNCTION = YES;
				GCC_WARN_UNUSED_VARIABLE = YES;
				IPHONEOS_DEPLOYMENT_TARGET = 11.0;
				MTL_ENABLE_DEBUG_INFO = NO;
				SDKROOT = iphoneos;
				SWIFT_OPTIMIZATION_LEVEL = "-Owholemodule";
				VALIDATE_PRODUCT = YES;
			};
			name = Release;
		};
		7BF828441F847DC500657A96 /* Debug */ = {
			isa = XCBuildConfiguration;
			buildSettings = {
				ASSETCATALOG_COMPILER_APPICON_NAME = AppIcon;
				CODE_SIGN_STYLE = Automatic;
				INFOPLIST_FILE = "UniVent Middle/Info.plist";
				LD_RUNPATH_SEARCH_PATHS = "$(inherited) @executable_path/Frameworks";
				PRODUCT_BUNDLE_IDENTIFIER = "com.CS307.UniVent-Middle";
				PRODUCT_NAME = "$(TARGET_NAME)";
				SWIFT_VERSION = 4.0;
				TARGETED_DEVICE_FAMILY = "1,2";
			};
			name = Debug;
		};
		7BF828451F847DC500657A96 /* Release */ = {
			isa = XCBuildConfiguration;
			buildSettings = {
				ASSETCATALOG_COMPILER_APPICON_NAME = AppIcon;
				CODE_SIGN_STYLE = Automatic;
				INFOPLIST_FILE = "UniVent Middle/Info.plist";
				LD_RUNPATH_SEARCH_PATHS = "$(inherited) @executable_path/Frameworks";
				PRODUCT_BUNDLE_IDENTIFIER = "com.CS307.UniVent-Middle";
				PRODUCT_NAME = "$(TARGET_NAME)";
				SWIFT_VERSION = 4.0;
				TARGETED_DEVICE_FAMILY = "1,2";
			};
			name = Release;
		};
		7BF828471F847DC500657A96 /* Debug */ = {
			isa = XCBuildConfiguration;
			buildSettings = {
				ALWAYS_EMBED_SWIFT_STANDARD_LIBRARIES = YES;
				BUNDLE_LOADER = "$(TEST_HOST)";
				CODE_SIGN_STYLE = Automatic;
				INFOPLIST_FILE = "UniVent MiddleTests/Info.plist";
				LD_RUNPATH_SEARCH_PATHS = "$(inherited) @executable_path/Frameworks @loader_path/Frameworks";
				PRODUCT_BUNDLE_IDENTIFIER = "com.CS307.UniVent-MiddleTests";
				PRODUCT_NAME = "$(TARGET_NAME)";
				SWIFT_VERSION = 4.0;
				TARGETED_DEVICE_FAMILY = "1,2";
				TEST_HOST = "$(BUILT_PRODUCTS_DIR)/UniVent Middle.app/UniVent Middle";
			};
			name = Debug;
		};
		7BF828481F847DC500657A96 /* Release */ = {
			isa = XCBuildConfiguration;
			buildSettings = {
				ALWAYS_EMBED_SWIFT_STANDARD_LIBRARIES = YES;
				BUNDLE_LOADER = "$(TEST_HOST)";
				CODE_SIGN_STYLE = Automatic;
				INFOPLIST_FILE = "UniVent MiddleTests/Info.plist";
				LD_RUNPATH_SEARCH_PATHS = "$(inherited) @executable_path/Frameworks @loader_path/Frameworks";
				PRODUCT_BUNDLE_IDENTIFIER = "com.CS307.UniVent-MiddleTests";
				PRODUCT_NAME = "$(TARGET_NAME)";
				SWIFT_VERSION = 4.0;
				TARGETED_DEVICE_FAMILY = "1,2";
				TEST_HOST = "$(BUILT_PRODUCTS_DIR)/UniVent Middle.app/UniVent Middle";
			};
			name = Release;
		};
		7BF8284A1F847DC500657A96 /* Debug */ = {
			isa = XCBuildConfiguration;
			buildSettings = {
				ALWAYS_EMBED_SWIFT_STANDARD_LIBRARIES = YES;
				CODE_SIGN_STYLE = Automatic;
				INFOPLIST_FILE = "UniVent MiddleUITests/Info.plist";
				LD_RUNPATH_SEARCH_PATHS = "$(inherited) @executable_path/Frameworks @loader_path/Frameworks";
				PRODUCT_BUNDLE_IDENTIFIER = "com.CS307.UniVent-MiddleUITests";
				PRODUCT_NAME = "$(TARGET_NAME)";
				SWIFT_VERSION = 4.0;
				TARGETED_DEVICE_FAMILY = "1,2";
				TEST_TARGET_NAME = "UniVent Middle";
			};
			name = Debug;
		};
		7BF8284B1F847DC500657A96 /* Release */ = {
			isa = XCBuildConfiguration;
			buildSettings = {
				ALWAYS_EMBED_SWIFT_STANDARD_LIBRARIES = YES;
				CODE_SIGN_STYLE = Automatic;
				INFOPLIST_FILE = "UniVent MiddleUITests/Info.plist";
				LD_RUNPATH_SEARCH_PATHS = "$(inherited) @executable_path/Frameworks @loader_path/Frameworks";
				PRODUCT_BUNDLE_IDENTIFIER = "com.CS307.UniVent-MiddleUITests";
				PRODUCT_NAME = "$(TARGET_NAME)";
				SWIFT_VERSION = 4.0;
				TARGETED_DEVICE_FAMILY = "1,2";
				TEST_TARGET_NAME = "UniVent Middle";
			};
			name = Release;
		};
/* End XCBuildConfiguration section */

/* Begin XCConfigurationList section */
		7BF828131F847DC400657A96 /* Build configuration list for PBXProject "UniVent Middle" */ = {
			isa = XCConfigurationList;
			buildConfigurations = (
				7BF828411F847DC500657A96 /* Debug */,
				7BF828421F847DC500657A96 /* Release */,
			);
			defaultConfigurationIsVisible = 0;
			defaultConfigurationName = Release;
		};
		7BF828431F847DC500657A96 /* Build configuration list for PBXNativeTarget "UniVent Middle" */ = {
			isa = XCConfigurationList;
			buildConfigurations = (
				7BF828441F847DC500657A96 /* Debug */,
				7BF828451F847DC500657A96 /* Release */,
			);
			defaultConfigurationIsVisible = 0;
			defaultConfigurationName = Release;
		};
		7BF828461F847DC500657A96 /* Build configuration list for PBXNativeTarget "UniVent MiddleTests" */ = {
			isa = XCConfigurationList;
			buildConfigurations = (
				7BF828471F847DC500657A96 /* Debug */,
				7BF828481F847DC500657A96 /* Release */,
			);
			defaultConfigurationIsVisible = 0;
			defaultConfigurationName = Release;
		};
		7BF828491F847DC500657A96 /* Build configuration list for PBXNativeTarget "UniVent MiddleUITests" */ = {
			isa = XCConfigurationList;
			buildConfigurations = (
				7BF8284A1F847DC500657A96 /* Debug */,
				7BF8284B1F847DC500657A96 /* Release */,
			);
			defaultConfigurationIsVisible = 0;
			defaultConfigurationName = Release;
		};
/* End XCConfigurationList section */

/* Begin XCVersionGroup section */
		7BF828221F847DC500657A96 /* UniVent_Middle.xcdatamodeld */ = {
			isa = XCVersionGroup;
			children = (
				7BF828231F847DC500657A96 /* UniVent_Middle.xcdatamodel */,
			);
			currentVersion = 7BF828231F847DC500657A96 /* UniVent_Middle.xcdatamodel */;
			path = UniVent_Middle.xcdatamodeld;
			sourceTree = "<group>";
			versionGroupType = wrapper.xcdatamodel;
		};
/* End XCVersionGroup section */
	};
	rootObject = 7BF828101F847DC400657A96 /* Project object */;
}
